Microsoft Visual Studio Solution File, Format Version 12.00
# Visual Studio Version 16
VisualStudioVersion = 16.0.33801.447
MinimumVisualStudioVersion = 10.0.40219.1
Project("{8BC9CEB8-8B4A-11D0-8D11-00A0C91BC942}") = "boinc", "boinc_cli_vs2013.vcxproj", "{C04F0FCC-BB5D-4627-8656-6173B28BD69E}"
EndProject
Project("{8BC9CEB8-8B4A-11D0-8D11-00A0C91BC942}") = "boinc_os_ss", "boinc_os_ss_vs2013.vcxproj", "{4A2C5963-6A8D-4CA1-A312-C3D749B2EA81}"
EndProject
Project("{8BC9CEB8-8B4A-11D0-8D11-00A0C91BC942}") = "boinccmd", "boinccmd_vs2013.vcxproj", "{8F37E1F3-3A68-4A1D-9579-A1210BDD055E}"
EndProject
Project("{8BC9CEB8-8B4A-11D0-8D11-00A0C91BC942}") = "boincmgr", "boincmgr_vs2013.vcxproj", "{06113715-AC51-4E91-8B9D-C987CABE0920}"
EndProject
Project("{8BC9CEB8-8B4A-11D0-8D11-00A0C91BC942}") = "libboinc", "libboinc_vs2013.vcxproj", "{E8F6BD7E-461A-4733-B7D8-37B09A099ED8}"
EndProject
Project("{8BC9CEB8-8B4A-11D0-8D11-00A0C91BC942}") = "boincsim", "sim_vs2013.vcxproj", "{B950E31B-C075-4F6D-8A2B-25EAE9D46C93}"
EndProject
Project("{8BC9CEB8-8B4A-11D0-8D11-00A0C91BC942}") = "boinctray", "boinctray_vs2013.vcxproj", "{4A2C5963-6A8D-4DA1-A312-C3D749B2EA81}"
EndProject
Project("{8BC9CEB8-8B4A-11D0-8D11-00A0C91BC942}") = "image_libs", "image_libs_vs2013.vcxproj", "{D3D21F11-A7E7-4EA2-8518-E24695133BFF}"
EndProject
Project("{8BC9CEB8-8B4A-11D0-8D11-00A0C91BC942}") = "jpeglib", "jpeglib_vs2013.vcxproj", "{5F065EAC-B881-4E9A-9E34-7A21D7A01D98}"
EndProject
Project("{8BC9CEB8-8B4A-11D0-8D11-00A0C91BC942}") = "glut", "glut_vs2013.vcxproj", "{C4165626-F68F-4F66-A126-3B82DDBB7480}"
EndProject
Project("{8BC9CEB8-8B4A-11D0-8D11-00A0C91BC942}") = "wrapper", "wrapper_vs2013.vcxproj", "{F243B93C-73CB-44E7-9BDC-847BB95A27CA}"
	ProjectSection(ProjectDependencies) = postProject
		{753E897D-9ECE-42B1-9F0D-CD566775C77E} = {753E897D-9ECE-42B1-9F0D-CD566775C77E}
		{B00664BD-71EB-46C1-957E-CD851418D395} = {B00664BD-71EB-46C1-957E-CD851418D395}
		{814EBFD3-3CE6-4933-A580-C1FE3147ACB4} = {814EBFD3-3CE6-4933-A580-C1FE3147ACB4}
	EndProjectSection
EndProject
Project("{8BC9CEB8-8B4A-11D0-8D11-00A0C91BC942}") = "sleeper", "sleeper_vs2013.vcxproj", "{A9647CEA-644D-4C0A-8733-D916CD344859}"
EndProject
Project("{8BC9CEB8-8B4A-11D0-8D11-00A0C91BC942}") = "worker", "worker_vs2013.vcxproj", "{F1BE6109-586D-448E-8C5B-D5C2CB874EA2}"
EndProject
Project("{8BC9CEB8-8B4A-11D0-8D11-00A0C91BC942}") = "example_app", "uc2_vs2013.vcxproj", "{CCB9A37C-7AD8-4FC1-ABEC-1A6ED2268F83}"
	ProjectSection(ProjectDependencies) = postProject
		{B275C525-5EF4-40BA-A70A-4E01A76A0CDD} = {B275C525-5EF4-40BA-A70A-4E01A76A0CDD}
	EndProjectSection
EndProject
Project("{8BC9CEB8-8B4A-11D0-8D11-00A0C91BC942}") = "example_app_graphics", "uc2_graphics_vs2013.vcxproj", "{3CF31288-A44D-4C78-A3AA-B05B6E32DF11}"
EndProject
Project("{8BC9CEB8-8B4A-11D0-8D11-00A0C91BC942}") = "libgraphics2", "libgraphics2_vs2013.vcxproj", "{814EBFD3-3CE6-4933-A580-C1FE3147ACB4}"
EndProject
Project("{8BC9CEB8-8B4A-11D0-8D11-00A0C91BC942}") = "libboinc_staticcrt", "libboinc_staticcrt_vs2013.vcxproj", "{B00664BD-71EB-46C1-957E-CD851418D395}"
EndProject
Project("{8BC9CEB8-8B4A-11D0-8D11-00A0C91BC942}") = "libboincapi_staticcrt", "libboincapi_staticcrt_vs2013.vcxproj", "{07BDA8F7-4AAF-4A3B-B96E-EA72A143C5AE}"
EndProject
Project("{8BC9CEB8-8B4A-11D0-8D11-00A0C91BC942}") = "boincsvcctrl", "boincsvcctrl_vs2013.vcxproj", "{9FC47E90-4E0D-4383-B446-A84314B00764}"
EndProject
Project("{8BC9CEB8-8B4A-11D0-8D11-00A0C91BC942}") = "boinc_ss", "boinc_ss_vs2013.vcxproj", "{C3163ACA-C2E6-49D2-AA21-B8B953331EF7}"
EndProject
Project("{8BC9CEB8-8B4A-11D0-8D11-00A0C91BC942}") = "boinclog", "boinclog_vs2013.vcxproj", "{3A8DFC5C-D169-4BB6-8282-EBD3D1318140}"
EndProject
Project("{8BC9CEB8-8B4A-11D0-8D11-00A0C91BC942}") = "example_app_atiopencl", "example_app_atiopencl_vs2013.vcxproj", "{C41F5C14-772D-4B56-BAF3-0FE8BF6807D5}"
EndProject
Project("{8BC9CEB8-8B4A-11D0-8D11-00A0C91BC942}") = "example_app_nvcuda", "example_app_nvcuda_vs2013.vcxproj", "{55F71337-32A6-4C26-8CBA-A06A9183D6F2}"
EndProject
Project("{8BC9CEB8-8B4A-11D0-8D11-00A0C91BC942}") = "example_app_nvopencl", "example_app_nvopencl_vs2013.vcxproj", "{BDC69EE0-033E-4AE1-B6AD-670E26FC117B}"
EndProject
Project("{8BC9CEB8-8B4A-11D0-8D11-00A0C91BC942}") = "example_app_multi_thread", "example_app_multi_thread_vs2013.vcxproj", "{BFE833C6-840F-4F2E-A1FA-A4DE9B9277D6}"
EndProject
Project("{8BC9CEB8-8B4A-11D0-8D11-00A0C91BC942}") = "vboxwrapper", "vboxwrapper_vs2013.vcxproj", "{F243B93C-73CB-44E7-9BDC-847BB95C27CA}"
	ProjectSection(ProjectDependencies) = postProject
		{B00664BD-71EB-46C1-957E-CD851418D395} = {B00664BD-71EB-46C1-957E-CD851418D395}
		{814EBFD3-3CE6-4933-A580-C1FE3147ACB4} = {814EBFD3-3CE6-4933-A580-C1FE3147ACB4}
	EndProjectSection
EndProject
Project("{8BC9CEB8-8B4A-11D0-8D11-00A0C91BC942}") = "wrappture_example", "wrappture_example_vs2013.vcxproj", "{D9AF7F68-B881-45B1-A41C-B10E61D764EF}"
EndProject
Project("{8BC9CEB8-8B4A-11D0-8D11-00A0C91BC942}") = "slide_show", "slide_show_vs2013.vcxproj", "{A4145505-5C0E-4675-BF6D-FC3F9119FD83}"
EndProject
Project("{8BC9CEB8-8B4A-11D0-8D11-00A0C91BC942}") = "libboincopencl_staticcrt", "libboincopencl_staticcrt_vs2013.vcxproj", "{C0A2DEEE-2EC5-4F67-8048-53264B6BD14D}"
EndProject
Project("{8BC9CEB8-8B4A-11D0-8D11-00A0C91BC942}") = "libboinczip_staticcrt", "libboinczip_staticcrt_vs2013.vcxproj", "{753E897D-9ECE-42B1-9F0D-CD566775C77E}"
EndProject
Project("{8BC9CEB8-8B4A-11D0-8D11-00A0C91BC942}") = "test_boinczip", "test_boinc_zip_vs2013.vcxproj", "{92253F20-4CD6-494E-8DEF-F5B4555B61CD}"
EndProject
Project("{8BC9CEB8-8B4A-11D0-8D11-00A0C91BC942}") = "test_boinczip_zlib_conflicts", "test_boinc_zip_zlib_conflicts_vs2013.vcxproj", "{0DCD2FE4-0604-4307-ABAA-C61F0065D717}"
EndProject
Project("{8BC9CEB8-8B4A-11D0-8D11-00A0C91BC942}") = "example_app_dll", "uc2_dll_vs2013.vcxproj", "{B275C525-5EF4-40BA-A70A-4E01A76A0CDD}"
EndProject
Project("{8BC9CEB8-8B4A-11D0-8D11-00A0C91BC942}") = "htmlgfx", "htmlgfx_vs2013.vcxproj", "{25662612-421F-42F5-B5E1-D69ECBF3F5BB}"
	ProjectSection(ProjectDependencies) = postProject
		{B00664BD-71EB-46C1-957E-CD851418D395} = {B00664BD-71EB-46C1-957E-CD851418D395}
		{814EBFD3-3CE6-4933-A580-C1FE3147ACB4} = {814EBFD3-3CE6-4933-A580-C1FE3147ACB4}
	EndProjectSection
EndProject
Project("{8BC9CEB8-8B4A-11D0-8D11-00A0C91BC942}") = "vcpkg_3rdparty_dependencies", "vcpkg_3rdparty_dependencies_vs2019.vcxproj", "{D3E5B5B5-4FB1-4877-9B2C-6708B3D568F7}"
EndProject
Project("{8BC9CEB8-8B4A-11D0-8D11-00A0C91BC942}") = "libboinc_XP", "libboinc_vs2019_XP.vcxproj", "{A2D2B4B1-D6EA-4703-9FA3-7CAE50A04825}"
EndProject
Project("{8BC9CEB8-8B4A-11D0-8D11-00A0C91BC942}") = "libboincapi_XP", "libboincapi_vs2019_XP.vcxproj", "{FC71AF9A-0DBF-4665-9878-E9119167B90D}"
EndProject
Project("{8BC9CEB8-8B4A-11D0-8D11-00A0C91BC942}") = "libboinc_staticcrt_v140xp_vs2019", "libboinc_staticcrt_v140xp_vs2019.vcxproj", "{85D006CD-D448-447F-8FB0-F5EA0218DED1}"
EndProject
Project("{8BC9CEB8-8B4A-11D0-8D11-00A0C91BC942}") = "libboincapi_staticcrt_v140xp_vs2019", "libboincapi_staticcrt_v140xp_vs2019.vcxproj", "{9DE5C51A-F8EA-4B08-A101-336057C49371}"
EndProject
Project("{8BC9CEB8-8B4A-11D0-8D11-00A0C91BC942}") = "libgraphics2", "libgraphics2_v140_xp_vs2019.vcxproj", "{122ABF65-D635-4953-804B-4AC0EDE843EA}"
EndProject
Global
	GlobalSection(SolutionConfigurationPlatforms) = preSolution
		Debug|ARM64 = Debug|ARM64
		Debug|Win32 = Debug|Win32
		Debug|x64 = Debug|x64
		DebugXP|ARM64 = DebugXP|ARM64
		DebugXP|Win32 = DebugXP|Win32
		DebugXP|x64 = DebugXP|x64
		EmuDebug|ARM64 = EmuDebug|ARM64
		EmuDebug|Win32 = EmuDebug|Win32
		EmuDebug|x64 = EmuDebug|x64
		EmuRelease|ARM64 = EmuRelease|ARM64
		EmuRelease|Win32 = EmuRelease|Win32
		EmuRelease|x64 = EmuRelease|x64
		Release|ARM64 = Release|ARM64
		Release|Win32 = Release|Win32
		Release|x64 = Release|x64
	EndGlobalSection
	GlobalSection(ProjectConfigurationPlatforms) = postSolution
		{C04F0FCC-BB5D-4627-8656-6173B28BD69E}.Debug|ARM64.ActiveCfg = Debug|Win32
		{C04F0FCC-BB5D-4627-8656-6173B28BD69E}.Debug|Win32.ActiveCfg = Debug|Win32
		{C04F0FCC-BB5D-4627-8656-6173B28BD69E}.Debug|Win32.Build.0 = Debug|Win32
		{C04F0FCC-BB5D-4627-8656-6173B28BD69E}.Debug|x64.ActiveCfg = Debug|x64
		{C04F0FCC-BB5D-4627-8656-6173B28BD69E}.Debug|x64.Build.0 = Debug|x64
		{C04F0FCC-BB5D-4627-8656-6173B28BD69E}.DebugXP|ARM64.ActiveCfg = Release|Win32
		{C04F0FCC-BB5D-4627-8656-6173B28BD69E}.DebugXP|ARM64.Build.0 = Release|Win32
		{C04F0FCC-BB5D-4627-8656-6173B28BD69E}.DebugXP|Win32.ActiveCfg = Debug|Win32
		{C04F0FCC-BB5D-4627-8656-6173B28BD69E}.DebugXP|Win32.Build.0 = Debug|Win32
		{C04F0FCC-BB5D-4627-8656-6173B28BD69E}.DebugXP|x64.ActiveCfg = Debug|x64
		{C04F0FCC-BB5D-4627-8656-6173B28BD69E}.DebugXP|x64.Build.0 = Debug|x64
		{C04F0FCC-BB5D-4627-8656-6173B28BD69E}.EmuDebug|ARM64.ActiveCfg = Release|x64
		{C04F0FCC-BB5D-4627-8656-6173B28BD69E}.EmuDebug|ARM64.Build.0 = Release|x64
		{C04F0FCC-BB5D-4627-8656-6173B28BD69E}.EmuDebug|Win32.ActiveCfg = Release|Win32
		{C04F0FCC-BB5D-4627-8656-6173B28BD69E}.EmuDebug|Win32.Build.0 = Release|Win32
		{C04F0FCC-BB5D-4627-8656-6173B28BD69E}.EmuDebug|x64.ActiveCfg = Debug|x64
		{C04F0FCC-BB5D-4627-8656-6173B28BD69E}.EmuDebug|x64.Build.0 = Debug|x64
		{C04F0FCC-BB5D-4627-8656-6173B28BD69E}.EmuRelease|ARM64.ActiveCfg = Release|x64
		{C04F0FCC-BB5D-4627-8656-6173B28BD69E}.EmuRelease|ARM64.Build.0 = Release|x64
		{C04F0FCC-BB5D-4627-8656-6173B28BD69E}.EmuRelease|Win32.ActiveCfg = Release|Win32
		{C04F0FCC-BB5D-4627-8656-6173B28BD69E}.EmuRelease|Win32.Build.0 = Release|Win32
		{C04F0FCC-BB5D-4627-8656-6173B28BD69E}.EmuRelease|x64.ActiveCfg = Release|x64
		{C04F0FCC-BB5D-4627-8656-6173B28BD69E}.EmuRelease|x64.Build.0 = Release|x64
		{C04F0FCC-BB5D-4627-8656-6173B28BD69E}.Release|ARM64.ActiveCfg = Release|Win32
		{C04F0FCC-BB5D-4627-8656-6173B28BD69E}.Release|Win32.ActiveCfg = Release|Win32
		{C04F0FCC-BB5D-4627-8656-6173B28BD69E}.Release|Win32.Build.0 = Release|Win32
		{C04F0FCC-BB5D-4627-8656-6173B28BD69E}.Release|x64.ActiveCfg = Release|x64
		{C04F0FCC-BB5D-4627-8656-6173B28BD69E}.Release|x64.Build.0 = Release|x64
		{4A2C5963-6A8D-4CA1-A312-C3D749B2EA81}.Debug|ARM64.ActiveCfg = Debug|Win32
		{4A2C5963-6A8D-4CA1-A312-C3D749B2EA81}.Debug|Win32.ActiveCfg = Debug|Win32
		{4A2C5963-6A8D-4CA1-A312-C3D749B2EA81}.Debug|Win32.Build.0 = Debug|Win32
		{4A2C5963-6A8D-4CA1-A312-C3D749B2EA81}.Debug|x64.ActiveCfg = Debug|x64
		{4A2C5963-6A8D-4CA1-A312-C3D749B2EA81}.Debug|x64.Build.0 = Debug|x64
		{4A2C5963-6A8D-4CA1-A312-C3D749B2EA81}.DebugXP|ARM64.ActiveCfg = Release|Win32
		{4A2C5963-6A8D-4CA1-A312-C3D749B2EA81}.DebugXP|ARM64.Build.0 = Release|Win32
		{4A2C5963-6A8D-4CA1-A312-C3D749B2EA81}.DebugXP|Win32.ActiveCfg = Debug|Win32
		{4A2C5963-6A8D-4CA1-A312-C3D749B2EA81}.DebugXP|Win32.Build.0 = Debug|Win32
		{4A2C5963-6A8D-4CA1-A312-C3D749B2EA81}.DebugXP|x64.ActiveCfg = Debug|x64
		{4A2C5963-6A8D-4CA1-A312-C3D749B2EA81}.DebugXP|x64.Build.0 = Debug|x64
		{4A2C5963-6A8D-4CA1-A312-C3D749B2EA81}.EmuDebug|ARM64.ActiveCfg = Release|x64
		{4A2C5963-6A8D-4CA1-A312-C3D749B2EA81}.EmuDebug|ARM64.Build.0 = Release|x64
		{4A2C5963-6A8D-4CA1-A312-C3D749B2EA81}.EmuDebug|Win32.ActiveCfg = Release|Win32
		{4A2C5963-6A8D-4CA1-A312-C3D749B2EA81}.EmuDebug|Win32.Build.0 = Release|Win32
		{4A2C5963-6A8D-4CA1-A312-C3D749B2EA81}.EmuDebug|x64.ActiveCfg = Debug|x64
		{4A2C5963-6A8D-4CA1-A312-C3D749B2EA81}.EmuDebug|x64.Build.0 = Debug|x64
		{4A2C5963-6A8D-4CA1-A312-C3D749B2EA81}.EmuRelease|ARM64.ActiveCfg = Release|x64
		{4A2C5963-6A8D-4CA1-A312-C3D749B2EA81}.EmuRelease|ARM64.Build.0 = Release|x64
		{4A2C5963-6A8D-4CA1-A312-C3D749B2EA81}.EmuRelease|Win32.ActiveCfg = Release|Win32
		{4A2C5963-6A8D-4CA1-A312-C3D749B2EA81}.EmuRelease|Win32.Build.0 = Release|Win32
		{4A2C5963-6A8D-4CA1-A312-C3D749B2EA81}.EmuRelease|x64.ActiveCfg = Release|x64
		{4A2C5963-6A8D-4CA1-A312-C3D749B2EA81}.EmuRelease|x64.Build.0 = Release|x64
		{4A2C5963-6A8D-4CA1-A312-C3D749B2EA81}.Release|ARM64.ActiveCfg = Release|Win32
		{4A2C5963-6A8D-4CA1-A312-C3D749B2EA81}.Release|Win32.ActiveCfg = Release|Win32
		{4A2C5963-6A8D-4CA1-A312-C3D749B2EA81}.Release|Win32.Build.0 = Release|Win32
		{4A2C5963-6A8D-4CA1-A312-C3D749B2EA81}.Release|x64.ActiveCfg = Release|x64
		{4A2C5963-6A8D-4CA1-A312-C3D749B2EA81}.Release|x64.Build.0 = Release|x64
		{8F37E1F3-3A68-4A1D-9579-A1210BDD055E}.Debug|ARM64.ActiveCfg = Debug|Win32
		{8F37E1F3-3A68-4A1D-9579-A1210BDD055E}.Debug|Win32.ActiveCfg = Debug|Win32
		{8F37E1F3-3A68-4A1D-9579-A1210BDD055E}.Debug|Win32.Build.0 = Debug|Win32
		{8F37E1F3-3A68-4A1D-9579-A1210BDD055E}.Debug|x64.ActiveCfg = Debug|x64
		{8F37E1F3-3A68-4A1D-9579-A1210BDD055E}.Debug|x64.Build.0 = Debug|x64
		{8F37E1F3-3A68-4A1D-9579-A1210BDD055E}.DebugXP|ARM64.ActiveCfg = Release|Win32
		{8F37E1F3-3A68-4A1D-9579-A1210BDD055E}.DebugXP|ARM64.Build.0 = Release|Win32
		{8F37E1F3-3A68-4A1D-9579-A1210BDD055E}.DebugXP|Win32.ActiveCfg = Debug|Win32
		{8F37E1F3-3A68-4A1D-9579-A1210BDD055E}.DebugXP|Win32.Build.0 = Debug|Win32
		{8F37E1F3-3A68-4A1D-9579-A1210BDD055E}.DebugXP|x64.ActiveCfg = Debug|x64
		{8F37E1F3-3A68-4A1D-9579-A1210BDD055E}.DebugXP|x64.Build.0 = Debug|x64
		{8F37E1F3-3A68-4A1D-9579-A1210BDD055E}.EmuDebug|ARM64.ActiveCfg = Release|x64
		{8F37E1F3-3A68-4A1D-9579-A1210BDD055E}.EmuDebug|ARM64.Build.0 = Release|x64
		{8F37E1F3-3A68-4A1D-9579-A1210BDD055E}.EmuDebug|Win32.ActiveCfg = Release|Win32
		{8F37E1F3-3A68-4A1D-9579-A1210BDD055E}.EmuDebug|Win32.Build.0 = Release|Win32
		{8F37E1F3-3A68-4A1D-9579-A1210BDD055E}.EmuDebug|x64.ActiveCfg = Debug|x64
		{8F37E1F3-3A68-4A1D-9579-A1210BDD055E}.EmuDebug|x64.Build.0 = Debug|x64
		{8F37E1F3-3A68-4A1D-9579-A1210BDD055E}.EmuRelease|ARM64.ActiveCfg = Release|x64
		{8F37E1F3-3A68-4A1D-9579-A1210BDD055E}.EmuRelease|ARM64.Build.0 = Release|x64
		{8F37E1F3-3A68-4A1D-9579-A1210BDD055E}.EmuRelease|Win32.ActiveCfg = Release|Win32
		{8F37E1F3-3A68-4A1D-9579-A1210BDD055E}.EmuRelease|Win32.Build.0 = Release|Win32
		{8F37E1F3-3A68-4A1D-9579-A1210BDD055E}.EmuRelease|x64.ActiveCfg = Release|x64
		{8F37E1F3-3A68-4A1D-9579-A1210BDD055E}.EmuRelease|x64.Build.0 = Release|x64
		{8F37E1F3-3A68-4A1D-9579-A1210BDD055E}.Release|ARM64.ActiveCfg = Release|Win32
		{8F37E1F3-3A68-4A1D-9579-A1210BDD055E}.Release|Win32.ActiveCfg = Release|Win32
		{8F37E1F3-3A68-4A1D-9579-A1210BDD055E}.Release|Win32.Build.0 = Release|Win32
		{8F37E1F3-3A68-4A1D-9579-A1210BDD055E}.Release|x64.ActiveCfg = Release|x64
		{8F37E1F3-3A68-4A1D-9579-A1210BDD055E}.Release|x64.Build.0 = Release|x64
		{06113715-AC51-4E91-8B9D-C987CABE0920}.Debug|ARM64.ActiveCfg = Debug|Win32
		{06113715-AC51-4E91-8B9D-C987CABE0920}.Debug|Win32.ActiveCfg = Debug|Win32
		{06113715-AC51-4E91-8B9D-C987CABE0920}.Debug|Win32.Build.0 = Debug|Win32
		{06113715-AC51-4E91-8B9D-C987CABE0920}.Debug|x64.ActiveCfg = Debug|x64
		{06113715-AC51-4E91-8B9D-C987CABE0920}.Debug|x64.Build.0 = Debug|x64
		{06113715-AC51-4E91-8B9D-C987CABE0920}.DebugXP|ARM64.ActiveCfg = Release|Win32
		{06113715-AC51-4E91-8B9D-C987CABE0920}.DebugXP|ARM64.Build.0 = Release|Win32
		{06113715-AC51-4E91-8B9D-C987CABE0920}.DebugXP|Win32.ActiveCfg = Debug|Win32
		{06113715-AC51-4E91-8B9D-C987CABE0920}.DebugXP|Win32.Build.0 = Debug|Win32
		{06113715-AC51-4E91-8B9D-C987CABE0920}.DebugXP|x64.ActiveCfg = Debug|x64
		{06113715-AC51-4E91-8B9D-C987CABE0920}.DebugXP|x64.Build.0 = Debug|x64
		{06113715-AC51-4E91-8B9D-C987CABE0920}.EmuDebug|ARM64.ActiveCfg = Release|x64
		{06113715-AC51-4E91-8B9D-C987CABE0920}.EmuDebug|ARM64.Build.0 = Release|x64
		{06113715-AC51-4E91-8B9D-C987CABE0920}.EmuDebug|Win32.ActiveCfg = Release|Win32
		{06113715-AC51-4E91-8B9D-C987CABE0920}.EmuDebug|Win32.Build.0 = Release|Win32
		{06113715-AC51-4E91-8B9D-C987CABE0920}.EmuDebug|x64.ActiveCfg = Debug|x64
		{06113715-AC51-4E91-8B9D-C987CABE0920}.EmuDebug|x64.Build.0 = Debug|x64
		{06113715-AC51-4E91-8B9D-C987CABE0920}.EmuRelease|ARM64.ActiveCfg = Release|x64
		{06113715-AC51-4E91-8B9D-C987CABE0920}.EmuRelease|ARM64.Build.0 = Release|x64
		{06113715-AC51-4E91-8B9D-C987CABE0920}.EmuRelease|Win32.ActiveCfg = Release|Win32
		{06113715-AC51-4E91-8B9D-C987CABE0920}.EmuRelease|Win32.Build.0 = Release|Win32
		{06113715-AC51-4E91-8B9D-C987CABE0920}.EmuRelease|x64.ActiveCfg = Release|x64
		{06113715-AC51-4E91-8B9D-C987CABE0920}.EmuRelease|x64.Build.0 = Release|x64
		{06113715-AC51-4E91-8B9D-C987CABE0920}.Release|ARM64.ActiveCfg = Release|Win32
		{06113715-AC51-4E91-8B9D-C987CABE0920}.Release|Win32.ActiveCfg = Release|Win32
		{06113715-AC51-4E91-8B9D-C987CABE0920}.Release|Win32.Build.0 = Release|Win32
		{06113715-AC51-4E91-8B9D-C987CABE0920}.Release|x64.ActiveCfg = Release|x64
		{06113715-AC51-4E91-8B9D-C987CABE0920}.Release|x64.Build.0 = Release|x64
		{E8F6BD7E-461A-4733-B7D8-37B09A099ED8}.Debug|ARM64.ActiveCfg = Debug|Win32
		{E8F6BD7E-461A-4733-B7D8-37B09A099ED8}.Debug|Win32.ActiveCfg = Debug|Win32
		{E8F6BD7E-461A-4733-B7D8-37B09A099ED8}.Debug|Win32.Build.0 = Debug|Win32
		{E8F6BD7E-461A-4733-B7D8-37B09A099ED8}.Debug|x64.ActiveCfg = Debug|x64
		{E8F6BD7E-461A-4733-B7D8-37B09A099ED8}.Debug|x64.Build.0 = Debug|x64
		{E8F6BD7E-461A-4733-B7D8-37B09A099ED8}.DebugXP|ARM64.ActiveCfg = Release|Win32
		{E8F6BD7E-461A-4733-B7D8-37B09A099ED8}.DebugXP|ARM64.Build.0 = Release|Win32
		{E8F6BD7E-461A-4733-B7D8-37B09A099ED8}.DebugXP|Win32.ActiveCfg = Debug|Win32
		{E8F6BD7E-461A-4733-B7D8-37B09A099ED8}.DebugXP|Win32.Build.0 = Debug|Win32
		{E8F6BD7E-461A-4733-B7D8-37B09A099ED8}.DebugXP|x64.ActiveCfg = Debug|x64
		{E8F6BD7E-461A-4733-B7D8-37B09A099ED8}.DebugXP|x64.Build.0 = Debug|x64
		{E8F6BD7E-461A-4733-B7D8-37B09A099ED8}.EmuDebug|ARM64.ActiveCfg = Release|x64
		{E8F6BD7E-461A-4733-B7D8-37B09A099ED8}.EmuDebug|ARM64.Build.0 = Release|x64
		{E8F6BD7E-461A-4733-B7D8-37B09A099ED8}.EmuDebug|Win32.ActiveCfg = Release|Win32
		{E8F6BD7E-461A-4733-B7D8-37B09A099ED8}.EmuDebug|Win32.Build.0 = Release|Win32
		{E8F6BD7E-461A-4733-B7D8-37B09A099ED8}.EmuDebug|x64.ActiveCfg = Debug|x64
		{E8F6BD7E-461A-4733-B7D8-37B09A099ED8}.EmuDebug|x64.Build.0 = Debug|x64
		{E8F6BD7E-461A-4733-B7D8-37B09A099ED8}.EmuRelease|ARM64.ActiveCfg = Release|x64
		{E8F6BD7E-461A-4733-B7D8-37B09A099ED8}.EmuRelease|ARM64.Build.0 = Release|x64
		{E8F6BD7E-461A-4733-B7D8-37B09A099ED8}.EmuRelease|Win32.ActiveCfg = Release|Win32
		{E8F6BD7E-461A-4733-B7D8-37B09A099ED8}.EmuRelease|Win32.Build.0 = Release|Win32
		{E8F6BD7E-461A-4733-B7D8-37B09A099ED8}.EmuRelease|x64.ActiveCfg = Release|x64
		{E8F6BD7E-461A-4733-B7D8-37B09A099ED8}.EmuRelease|x64.Build.0 = Release|x64
		{E8F6BD7E-461A-4733-B7D8-37B09A099ED8}.Release|ARM64.ActiveCfg = Release|Win32
		{E8F6BD7E-461A-4733-B7D8-37B09A099ED8}.Release|Win32.ActiveCfg = Release|Win32
		{E8F6BD7E-461A-4733-B7D8-37B09A099ED8}.Release|Win32.Build.0 = Release|Win32
		{E8F6BD7E-461A-4733-B7D8-37B09A099ED8}.Release|x64.ActiveCfg = Release|x64
		{E8F6BD7E-461A-4733-B7D8-37B09A099ED8}.Release|x64.Build.0 = Release|x64
		{B950E31B-C075-4F6D-8A2B-25EAE9D46C93}.Debug|ARM64.ActiveCfg = Debug|Win32
		{B950E31B-C075-4F6D-8A2B-25EAE9D46C93}.Debug|Win32.ActiveCfg = Debug|Win32
		{B950E31B-C075-4F6D-8A2B-25EAE9D46C93}.Debug|Win32.Build.0 = Debug|Win32
		{B950E31B-C075-4F6D-8A2B-25EAE9D46C93}.Debug|x64.ActiveCfg = Debug|x64
		{B950E31B-C075-4F6D-8A2B-25EAE9D46C93}.Debug|x64.Build.0 = Debug|x64
		{B950E31B-C075-4F6D-8A2B-25EAE9D46C93}.DebugXP|ARM64.ActiveCfg = Release|Win32
		{B950E31B-C075-4F6D-8A2B-25EAE9D46C93}.DebugXP|ARM64.Build.0 = Release|Win32
		{B950E31B-C075-4F6D-8A2B-25EAE9D46C93}.DebugXP|Win32.ActiveCfg = Debug|Win32
		{B950E31B-C075-4F6D-8A2B-25EAE9D46C93}.DebugXP|Win32.Build.0 = Debug|Win32
		{B950E31B-C075-4F6D-8A2B-25EAE9D46C93}.DebugXP|x64.ActiveCfg = Debug|x64
		{B950E31B-C075-4F6D-8A2B-25EAE9D46C93}.DebugXP|x64.Build.0 = Debug|x64
		{B950E31B-C075-4F6D-8A2B-25EAE9D46C93}.EmuDebug|ARM64.ActiveCfg = Release|x64
		{B950E31B-C075-4F6D-8A2B-25EAE9D46C93}.EmuDebug|ARM64.Build.0 = Release|x64
		{B950E31B-C075-4F6D-8A2B-25EAE9D46C93}.EmuDebug|Win32.ActiveCfg = Release|Win32
		{B950E31B-C075-4F6D-8A2B-25EAE9D46C93}.EmuDebug|Win32.Build.0 = Release|Win32
		{B950E31B-C075-4F6D-8A2B-25EAE9D46C93}.EmuDebug|x64.ActiveCfg = Debug|x64
		{B950E31B-C075-4F6D-8A2B-25EAE9D46C93}.EmuDebug|x64.Build.0 = Debug|x64
		{B950E31B-C075-4F6D-8A2B-25EAE9D46C93}.EmuRelease|ARM64.ActiveCfg = Release|x64
		{B950E31B-C075-4F6D-8A2B-25EAE9D46C93}.EmuRelease|ARM64.Build.0 = Release|x64
		{B950E31B-C075-4F6D-8A2B-25EAE9D46C93}.EmuRelease|Win32.ActiveCfg = Release|Win32
		{B950E31B-C075-4F6D-8A2B-25EAE9D46C93}.EmuRelease|Win32.Build.0 = Release|Win32
		{B950E31B-C075-4F6D-8A2B-25EAE9D46C93}.EmuRelease|x64.ActiveCfg = Release|x64
		{B950E31B-C075-4F6D-8A2B-25EAE9D46C93}.EmuRelease|x64.Build.0 = Release|x64
		{B950E31B-C075-4F6D-8A2B-25EAE9D46C93}.Release|ARM64.ActiveCfg = Release|Win32
		{B950E31B-C075-4F6D-8A2B-25EAE9D46C93}.Release|Win32.ActiveCfg = Release|Win32
		{B950E31B-C075-4F6D-8A2B-25EAE9D46C93}.Release|x64.ActiveCfg = Release|x64
		{4A2C5963-6A8D-4DA1-A312-C3D749B2EA81}.Debug|ARM64.ActiveCfg = Debug|Win32
		{4A2C5963-6A8D-4DA1-A312-C3D749B2EA81}.Debug|Win32.ActiveCfg = Debug|Win32
		{4A2C5963-6A8D-4DA1-A312-C3D749B2EA81}.Debug|Win32.Build.0 = Debug|Win32
		{4A2C5963-6A8D-4DA1-A312-C3D749B2EA81}.Debug|x64.ActiveCfg = Debug|x64
		{4A2C5963-6A8D-4DA1-A312-C3D749B2EA81}.Debug|x64.Build.0 = Debug|x64
		{4A2C5963-6A8D-4DA1-A312-C3D749B2EA81}.DebugXP|ARM64.ActiveCfg = Release|Win32
		{4A2C5963-6A8D-4DA1-A312-C3D749B2EA81}.DebugXP|ARM64.Build.0 = Release|Win32
		{4A2C5963-6A8D-4DA1-A312-C3D749B2EA81}.DebugXP|Win32.ActiveCfg = Debug|Win32
		{4A2C5963-6A8D-4DA1-A312-C3D749B2EA81}.DebugXP|Win32.Build.0 = Debug|Win32
		{4A2C5963-6A8D-4DA1-A312-C3D749B2EA81}.DebugXP|x64.ActiveCfg = Debug|x64
		{4A2C5963-6A8D-4DA1-A312-C3D749B2EA81}.DebugXP|x64.Build.0 = Debug|x64
		{4A2C5963-6A8D-4DA1-A312-C3D749B2EA81}.EmuDebug|ARM64.ActiveCfg = Release|x64
		{4A2C5963-6A8D-4DA1-A312-C3D749B2EA81}.EmuDebug|ARM64.Build.0 = Release|x64
		{4A2C5963-6A8D-4DA1-A312-C3D749B2EA81}.EmuDebug|Win32.ActiveCfg = Release|Win32
		{4A2C5963-6A8D-4DA1-A312-C3D749B2EA81}.EmuDebug|Win32.Build.0 = Release|Win32
		{4A2C5963-6A8D-4DA1-A312-C3D749B2EA81}.EmuDebug|x64.ActiveCfg = Debug|x64
		{4A2C5963-6A8D-4DA1-A312-C3D749B2EA81}.EmuDebug|x64.Build.0 = Debug|x64
		{4A2C5963-6A8D-4DA1-A312-C3D749B2EA81}.EmuRelease|ARM64.ActiveCfg = Release|x64
		{4A2C5963-6A8D-4DA1-A312-C3D749B2EA81}.EmuRelease|ARM64.Build.0 = Release|x64
		{4A2C5963-6A8D-4DA1-A312-C3D749B2EA81}.EmuRelease|Win32.ActiveCfg = Release|Win32
		{4A2C5963-6A8D-4DA1-A312-C3D749B2EA81}.EmuRelease|Win32.Build.0 = Release|Win32
		{4A2C5963-6A8D-4DA1-A312-C3D749B2EA81}.EmuRelease|x64.ActiveCfg = Release|x64
		{4A2C5963-6A8D-4DA1-A312-C3D749B2EA81}.EmuRelease|x64.Build.0 = Release|x64
		{4A2C5963-6A8D-4DA1-A312-C3D749B2EA81}.Release|ARM64.ActiveCfg = Release|Win32
		{4A2C5963-6A8D-4DA1-A312-C3D749B2EA81}.Release|Win32.ActiveCfg = Release|Win32
		{4A2C5963-6A8D-4DA1-A312-C3D749B2EA81}.Release|Win32.Build.0 = Release|Win32
		{4A2C5963-6A8D-4DA1-A312-C3D749B2EA81}.Release|x64.ActiveCfg = Release|x64
		{4A2C5963-6A8D-4DA1-A312-C3D749B2EA81}.Release|x64.Build.0 = Release|x64
		{D3D21F11-A7E7-4EA2-8518-E24695133BFF}.Debug|ARM64.ActiveCfg = Debug|Win32
		{D3D21F11-A7E7-4EA2-8518-E24695133BFF}.Debug|Win32.ActiveCfg = Debug|Win32
		{D3D21F11-A7E7-4EA2-8518-E24695133BFF}.Debug|Win32.Build.0 = Debug|Win32
		{D3D21F11-A7E7-4EA2-8518-E24695133BFF}.Debug|x64.ActiveCfg = Debug|x64
		{D3D21F11-A7E7-4EA2-8518-E24695133BFF}.Debug|x64.Build.0 = Debug|x64
		{D3D21F11-A7E7-4EA2-8518-E24695133BFF}.DebugXP|ARM64.ActiveCfg = Release|Win32
		{D3D21F11-A7E7-4EA2-8518-E24695133BFF}.DebugXP|ARM64.Build.0 = Release|Win32
		{D3D21F11-A7E7-4EA2-8518-E24695133BFF}.DebugXP|Win32.ActiveCfg = Debug|Win32
		{D3D21F11-A7E7-4EA2-8518-E24695133BFF}.DebugXP|Win32.Build.0 = Debug|Win32
		{D3D21F11-A7E7-4EA2-8518-E24695133BFF}.DebugXP|x64.ActiveCfg = Debug|x64
		{D3D21F11-A7E7-4EA2-8518-E24695133BFF}.DebugXP|x64.Build.0 = Debug|x64
		{D3D21F11-A7E7-4EA2-8518-E24695133BFF}.EmuDebug|ARM64.ActiveCfg = Release|x64
		{D3D21F11-A7E7-4EA2-8518-E24695133BFF}.EmuDebug|ARM64.Build.0 = Release|x64
		{D3D21F11-A7E7-4EA2-8518-E24695133BFF}.EmuDebug|Win32.ActiveCfg = Release|Win32
		{D3D21F11-A7E7-4EA2-8518-E24695133BFF}.EmuDebug|Win32.Build.0 = Release|Win32
		{D3D21F11-A7E7-4EA2-8518-E24695133BFF}.EmuDebug|x64.ActiveCfg = Debug|x64
		{D3D21F11-A7E7-4EA2-8518-E24695133BFF}.EmuDebug|x64.Build.0 = Debug|x64
		{D3D21F11-A7E7-4EA2-8518-E24695133BFF}.EmuRelease|ARM64.ActiveCfg = Release|x64
		{D3D21F11-A7E7-4EA2-8518-E24695133BFF}.EmuRelease|ARM64.Build.0 = Release|x64
		{D3D21F11-A7E7-4EA2-8518-E24695133BFF}.EmuRelease|Win32.ActiveCfg = Release|Win32
		{D3D21F11-A7E7-4EA2-8518-E24695133BFF}.EmuRelease|Win32.Build.0 = Release|Win32
		{D3D21F11-A7E7-4EA2-8518-E24695133BFF}.EmuRelease|x64.ActiveCfg = Release|x64
		{D3D21F11-A7E7-4EA2-8518-E24695133BFF}.EmuRelease|x64.Build.0 = Release|x64
		{D3D21F11-A7E7-4EA2-8518-E24695133BFF}.Release|ARM64.ActiveCfg = Release|Win32
		{D3D21F11-A7E7-4EA2-8518-E24695133BFF}.Release|Win32.ActiveCfg = Release|Win32
		{D3D21F11-A7E7-4EA2-8518-E24695133BFF}.Release|Win32.Build.0 = Release|Win32
		{D3D21F11-A7E7-4EA2-8518-E24695133BFF}.Release|x64.ActiveCfg = Release|x64
		{D3D21F11-A7E7-4EA2-8518-E24695133BFF}.Release|x64.Build.0 = Release|x64
		{5F065EAC-B881-4E9A-9E34-7A21D7A01D98}.Debug|ARM64.ActiveCfg = Debug|Win32
		{5F065EAC-B881-4E9A-9E34-7A21D7A01D98}.Debug|Win32.ActiveCfg = Debug|Win32
		{5F065EAC-B881-4E9A-9E34-7A21D7A01D98}.Debug|Win32.Build.0 = Debug|Win32
		{5F065EAC-B881-4E9A-9E34-7A21D7A01D98}.Debug|x64.ActiveCfg = Debug|x64
		{5F065EAC-B881-4E9A-9E34-7A21D7A01D98}.Debug|x64.Build.0 = Debug|x64
		{5F065EAC-B881-4E9A-9E34-7A21D7A01D98}.DebugXP|ARM64.ActiveCfg = Release|Win32
		{5F065EAC-B881-4E9A-9E34-7A21D7A01D98}.DebugXP|ARM64.Build.0 = Release|Win32
		{5F065EAC-B881-4E9A-9E34-7A21D7A01D98}.DebugXP|Win32.ActiveCfg = Debug|Win32
		{5F065EAC-B881-4E9A-9E34-7A21D7A01D98}.DebugXP|Win32.Build.0 = Debug|Win32
		{5F065EAC-B881-4E9A-9E34-7A21D7A01D98}.DebugXP|x64.ActiveCfg = Debug|x64
		{5F065EAC-B881-4E9A-9E34-7A21D7A01D98}.DebugXP|x64.Build.0 = Debug|x64
		{5F065EAC-B881-4E9A-9E34-7A21D7A01D98}.EmuDebug|ARM64.ActiveCfg = Release|x64
		{5F065EAC-B881-4E9A-9E34-7A21D7A01D98}.EmuDebug|ARM64.Build.0 = Release|x64
		{5F065EAC-B881-4E9A-9E34-7A21D7A01D98}.EmuDebug|Win32.ActiveCfg = Release|Win32
		{5F065EAC-B881-4E9A-9E34-7A21D7A01D98}.EmuDebug|Win32.Build.0 = Release|Win32
		{5F065EAC-B881-4E9A-9E34-7A21D7A01D98}.EmuDebug|x64.ActiveCfg = Debug|x64
		{5F065EAC-B881-4E9A-9E34-7A21D7A01D98}.EmuDebug|x64.Build.0 = Debug|x64
		{5F065EAC-B881-4E9A-9E34-7A21D7A01D98}.EmuRelease|ARM64.ActiveCfg = Release|x64
		{5F065EAC-B881-4E9A-9E34-7A21D7A01D98}.EmuRelease|ARM64.Build.0 = Release|x64
		{5F065EAC-B881-4E9A-9E34-7A21D7A01D98}.EmuRelease|Win32.ActiveCfg = Release|Win32
		{5F065EAC-B881-4E9A-9E34-7A21D7A01D98}.EmuRelease|Win32.Build.0 = Release|Win32
		{5F065EAC-B881-4E9A-9E34-7A21D7A01D98}.EmuRelease|x64.ActiveCfg = Release|x64
		{5F065EAC-B881-4E9A-9E34-7A21D7A01D98}.EmuRelease|x64.Build.0 = Release|x64
		{5F065EAC-B881-4E9A-9E34-7A21D7A01D98}.Release|ARM64.ActiveCfg = Release|Win32
		{5F065EAC-B881-4E9A-9E34-7A21D7A01D98}.Release|Win32.ActiveCfg = Release|Win32
		{5F065EAC-B881-4E9A-9E34-7A21D7A01D98}.Release|Win32.Build.0 = Release|Win32
		{5F065EAC-B881-4E9A-9E34-7A21D7A01D98}.Release|x64.ActiveCfg = Release|x64
		{5F065EAC-B881-4E9A-9E34-7A21D7A01D98}.Release|x64.Build.0 = Release|x64
		{C4165626-F68F-4F66-A126-3B82DDBB7480}.Debug|ARM64.ActiveCfg = Debug|Win32
		{C4165626-F68F-4F66-A126-3B82DDBB7480}.Debug|Win32.ActiveCfg = Debug|Win32
		{C4165626-F68F-4F66-A126-3B82DDBB7480}.Debug|Win32.Build.0 = Debug|Win32
		{C4165626-F68F-4F66-A126-3B82DDBB7480}.Debug|x64.ActiveCfg = Debug|x64
		{C4165626-F68F-4F66-A126-3B82DDBB7480}.Debug|x64.Build.0 = Debug|x64
		{C4165626-F68F-4F66-A126-3B82DDBB7480}.DebugXP|ARM64.ActiveCfg = Release|Win32
		{C4165626-F68F-4F66-A126-3B82DDBB7480}.DebugXP|ARM64.Build.0 = Release|Win32
		{C4165626-F68F-4F66-A126-3B82DDBB7480}.DebugXP|Win32.ActiveCfg = Debug|Win32
		{C4165626-F68F-4F66-A126-3B82DDBB7480}.DebugXP|Win32.Build.0 = Debug|Win32
		{C4165626-F68F-4F66-A126-3B82DDBB7480}.DebugXP|x64.ActiveCfg = Debug|x64
		{C4165626-F68F-4F66-A126-3B82DDBB7480}.DebugXP|x64.Build.0 = Debug|x64
		{C4165626-F68F-4F66-A126-3B82DDBB7480}.EmuDebug|ARM64.ActiveCfg = Release|x64
		{C4165626-F68F-4F66-A126-3B82DDBB7480}.EmuDebug|ARM64.Build.0 = Release|x64
		{C4165626-F68F-4F66-A126-3B82DDBB7480}.EmuDebug|Win32.ActiveCfg = Release|Win32
		{C4165626-F68F-4F66-A126-3B82DDBB7480}.EmuDebug|Win32.Build.0 = Release|Win32
		{C4165626-F68F-4F66-A126-3B82DDBB7480}.EmuDebug|x64.ActiveCfg = Debug|x64
		{C4165626-F68F-4F66-A126-3B82DDBB7480}.EmuDebug|x64.Build.0 = Debug|x64
		{C4165626-F68F-4F66-A126-3B82DDBB7480}.EmuRelease|ARM64.ActiveCfg = Release|x64
		{C4165626-F68F-4F66-A126-3B82DDBB7480}.EmuRelease|ARM64.Build.0 = Release|x64
		{C4165626-F68F-4F66-A126-3B82DDBB7480}.EmuRelease|Win32.ActiveCfg = Release|Win32
		{C4165626-F68F-4F66-A126-3B82DDBB7480}.EmuRelease|Win32.Build.0 = Release|Win32
		{C4165626-F68F-4F66-A126-3B82DDBB7480}.EmuRelease|x64.ActiveCfg = Release|x64
		{C4165626-F68F-4F66-A126-3B82DDBB7480}.EmuRelease|x64.Build.0 = Release|x64
		{C4165626-F68F-4F66-A126-3B82DDBB7480}.Release|ARM64.ActiveCfg = Release|Win32
		{C4165626-F68F-4F66-A126-3B82DDBB7480}.Release|Win32.ActiveCfg = Release|Win32
		{C4165626-F68F-4F66-A126-3B82DDBB7480}.Release|Win32.Build.0 = Release|Win32
		{C4165626-F68F-4F66-A126-3B82DDBB7480}.Release|x64.ActiveCfg = Release|x64
		{C4165626-F68F-4F66-A126-3B82DDBB7480}.Release|x64.Build.0 = Release|x64
		{F243B93C-73CB-44E7-9BDC-847BB95A27CA}.Debug|ARM64.ActiveCfg = Debug|Win32
		{F243B93C-73CB-44E7-9BDC-847BB95A27CA}.Debug|Win32.ActiveCfg = Debug|Win32
		{F243B93C-73CB-44E7-9BDC-847BB95A27CA}.Debug|Win32.Build.0 = Debug|Win32
		{F243B93C-73CB-44E7-9BDC-847BB95A27CA}.Debug|x64.ActiveCfg = Debug|x64
		{F243B93C-73CB-44E7-9BDC-847BB95A27CA}.Debug|x64.Build.0 = Debug|x64
		{F243B93C-73CB-44E7-9BDC-847BB95A27CA}.DebugXP|ARM64.ActiveCfg = Release|Win32
		{F243B93C-73CB-44E7-9BDC-847BB95A27CA}.DebugXP|ARM64.Build.0 = Release|Win32
		{F243B93C-73CB-44E7-9BDC-847BB95A27CA}.DebugXP|Win32.ActiveCfg = Debug|Win32
		{F243B93C-73CB-44E7-9BDC-847BB95A27CA}.DebugXP|Win32.Build.0 = Debug|Win32
		{F243B93C-73CB-44E7-9BDC-847BB95A27CA}.DebugXP|x64.ActiveCfg = Debug|x64
		{F243B93C-73CB-44E7-9BDC-847BB95A27CA}.DebugXP|x64.Build.0 = Debug|x64
		{F243B93C-73CB-44E7-9BDC-847BB95A27CA}.EmuDebug|ARM64.ActiveCfg = Release|x64
		{F243B93C-73CB-44E7-9BDC-847BB95A27CA}.EmuDebug|ARM64.Build.0 = Release|x64
		{F243B93C-73CB-44E7-9BDC-847BB95A27CA}.EmuDebug|Win32.ActiveCfg = Release|Win32
		{F243B93C-73CB-44E7-9BDC-847BB95A27CA}.EmuDebug|Win32.Build.0 = Release|Win32
		{F243B93C-73CB-44E7-9BDC-847BB95A27CA}.EmuDebug|x64.ActiveCfg = Debug|x64
		{F243B93C-73CB-44E7-9BDC-847BB95A27CA}.EmuDebug|x64.Build.0 = Debug|x64
		{F243B93C-73CB-44E7-9BDC-847BB95A27CA}.EmuRelease|ARM64.ActiveCfg = Release|x64
		{F243B93C-73CB-44E7-9BDC-847BB95A27CA}.EmuRelease|ARM64.Build.0 = Release|x64
		{F243B93C-73CB-44E7-9BDC-847BB95A27CA}.EmuRelease|Win32.ActiveCfg = Release|Win32
		{F243B93C-73CB-44E7-9BDC-847BB95A27CA}.EmuRelease|Win32.Build.0 = Release|Win32
		{F243B93C-73CB-44E7-9BDC-847BB95A27CA}.EmuRelease|x64.ActiveCfg = Release|x64
		{F243B93C-73CB-44E7-9BDC-847BB95A27CA}.EmuRelease|x64.Build.0 = Release|x64
		{F243B93C-73CB-44E7-9BDC-847BB95A27CA}.Release|ARM64.ActiveCfg = Release|Win32
		{F243B93C-73CB-44E7-9BDC-847BB95A27CA}.Release|Win32.ActiveCfg = Release|Win32
		{F243B93C-73CB-44E7-9BDC-847BB95A27CA}.Release|Win32.Build.0 = Release|Win32
		{F243B93C-73CB-44E7-9BDC-847BB95A27CA}.Release|x64.ActiveCfg = Release|x64
		{F243B93C-73CB-44E7-9BDC-847BB95A27CA}.Release|x64.Build.0 = Release|x64
		{A9647CEA-644D-4C0A-8733-D916CD344859}.Debug|ARM64.ActiveCfg = Debug|Win32
		{A9647CEA-644D-4C0A-8733-D916CD344859}.Debug|Win32.ActiveCfg = Debug|Win32
		{A9647CEA-644D-4C0A-8733-D916CD344859}.Debug|Win32.Build.0 = Debug|Win32
		{A9647CEA-644D-4C0A-8733-D916CD344859}.Debug|x64.ActiveCfg = Debug|x64
		{A9647CEA-644D-4C0A-8733-D916CD344859}.Debug|x64.Build.0 = Debug|x64
		{A9647CEA-644D-4C0A-8733-D916CD344859}.DebugXP|ARM64.ActiveCfg = Release|Win32
		{A9647CEA-644D-4C0A-8733-D916CD344859}.DebugXP|ARM64.Build.0 = Release|Win32
		{A9647CEA-644D-4C0A-8733-D916CD344859}.DebugXP|Win32.ActiveCfg = Debug|Win32
		{A9647CEA-644D-4C0A-8733-D916CD344859}.DebugXP|Win32.Build.0 = Debug|Win32
		{A9647CEA-644D-4C0A-8733-D916CD344859}.DebugXP|x64.ActiveCfg = Debug|x64
		{A9647CEA-644D-4C0A-8733-D916CD344859}.DebugXP|x64.Build.0 = Debug|x64
		{A9647CEA-644D-4C0A-8733-D916CD344859}.EmuDebug|ARM64.ActiveCfg = Release|x64
		{A9647CEA-644D-4C0A-8733-D916CD344859}.EmuDebug|ARM64.Build.0 = Release|x64
		{A9647CEA-644D-4C0A-8733-D916CD344859}.EmuDebug|Win32.ActiveCfg = Release|Win32
		{A9647CEA-644D-4C0A-8733-D916CD344859}.EmuDebug|Win32.Build.0 = Release|Win32
		{A9647CEA-644D-4C0A-8733-D916CD344859}.EmuDebug|x64.ActiveCfg = Debug|x64
		{A9647CEA-644D-4C0A-8733-D916CD344859}.EmuDebug|x64.Build.0 = Debug|x64
		{A9647CEA-644D-4C0A-8733-D916CD344859}.EmuRelease|ARM64.ActiveCfg = Release|x64
		{A9647CEA-644D-4C0A-8733-D916CD344859}.EmuRelease|ARM64.Build.0 = Release|x64
		{A9647CEA-644D-4C0A-8733-D916CD344859}.EmuRelease|Win32.ActiveCfg = Release|Win32
		{A9647CEA-644D-4C0A-8733-D916CD344859}.EmuRelease|Win32.Build.0 = Release|Win32
		{A9647CEA-644D-4C0A-8733-D916CD344859}.EmuRelease|x64.ActiveCfg = Release|x64
		{A9647CEA-644D-4C0A-8733-D916CD344859}.EmuRelease|x64.Build.0 = Release|x64
		{A9647CEA-644D-4C0A-8733-D916CD344859}.Release|ARM64.ActiveCfg = Release|Win32
		{A9647CEA-644D-4C0A-8733-D916CD344859}.Release|Win32.ActiveCfg = Release|Win32
		{A9647CEA-644D-4C0A-8733-D916CD344859}.Release|Win32.Build.0 = Release|Win32
		{A9647CEA-644D-4C0A-8733-D916CD344859}.Release|x64.ActiveCfg = Release|x64
		{A9647CEA-644D-4C0A-8733-D916CD344859}.Release|x64.Build.0 = Release|x64
		{F1BE6109-586D-448E-8C5B-D5C2CB874EA2}.Debug|ARM64.ActiveCfg = Debug|Win32
		{F1BE6109-586D-448E-8C5B-D5C2CB874EA2}.Debug|Win32.ActiveCfg = Debug|Win32
		{F1BE6109-586D-448E-8C5B-D5C2CB874EA2}.Debug|Win32.Build.0 = Debug|Win32
		{F1BE6109-586D-448E-8C5B-D5C2CB874EA2}.Debug|x64.ActiveCfg = Debug|x64
		{F1BE6109-586D-448E-8C5B-D5C2CB874EA2}.Debug|x64.Build.0 = Debug|x64
		{F1BE6109-586D-448E-8C5B-D5C2CB874EA2}.DebugXP|ARM64.ActiveCfg = Release|Win32
		{F1BE6109-586D-448E-8C5B-D5C2CB874EA2}.DebugXP|ARM64.Build.0 = Release|Win32
		{F1BE6109-586D-448E-8C5B-D5C2CB874EA2}.DebugXP|Win32.ActiveCfg = Debug|Win32
		{F1BE6109-586D-448E-8C5B-D5C2CB874EA2}.DebugXP|Win32.Build.0 = Debug|Win32
		{F1BE6109-586D-448E-8C5B-D5C2CB874EA2}.DebugXP|x64.ActiveCfg = Debug|x64
		{F1BE6109-586D-448E-8C5B-D5C2CB874EA2}.DebugXP|x64.Build.0 = Debug|x64
		{F1BE6109-586D-448E-8C5B-D5C2CB874EA2}.EmuDebug|ARM64.ActiveCfg = Release|x64
		{F1BE6109-586D-448E-8C5B-D5C2CB874EA2}.EmuDebug|ARM64.Build.0 = Release|x64
		{F1BE6109-586D-448E-8C5B-D5C2CB874EA2}.EmuDebug|Win32.ActiveCfg = Release|Win32
		{F1BE6109-586D-448E-8C5B-D5C2CB874EA2}.EmuDebug|Win32.Build.0 = Release|Win32
		{F1BE6109-586D-448E-8C5B-D5C2CB874EA2}.EmuDebug|x64.ActiveCfg = Debug|x64
		{F1BE6109-586D-448E-8C5B-D5C2CB874EA2}.EmuDebug|x64.Build.0 = Debug|x64
		{F1BE6109-586D-448E-8C5B-D5C2CB874EA2}.EmuRelease|ARM64.ActiveCfg = Release|x64
		{F1BE6109-586D-448E-8C5B-D5C2CB874EA2}.EmuRelease|ARM64.Build.0 = Release|x64
		{F1BE6109-586D-448E-8C5B-D5C2CB874EA2}.EmuRelease|Win32.ActiveCfg = Release|Win32
		{F1BE6109-586D-448E-8C5B-D5C2CB874EA2}.EmuRelease|Win32.Build.0 = Release|Win32
		{F1BE6109-586D-448E-8C5B-D5C2CB874EA2}.EmuRelease|x64.ActiveCfg = Release|x64
		{F1BE6109-586D-448E-8C5B-D5C2CB874EA2}.EmuRelease|x64.Build.0 = Release|x64
		{F1BE6109-586D-448E-8C5B-D5C2CB874EA2}.Release|ARM64.ActiveCfg = Release|Win32
		{F1BE6109-586D-448E-8C5B-D5C2CB874EA2}.Release|Win32.ActiveCfg = Release|Win32
		{F1BE6109-586D-448E-8C5B-D5C2CB874EA2}.Release|Win32.Build.0 = Release|Win32
		{F1BE6109-586D-448E-8C5B-D5C2CB874EA2}.Release|x64.ActiveCfg = Release|x64
		{F1BE6109-586D-448E-8C5B-D5C2CB874EA2}.Release|x64.Build.0 = Release|x64
		{CCB9A37C-7AD8-4FC1-ABEC-1A6ED2268F83}.Debug|ARM64.ActiveCfg = Debug|Win32
		{CCB9A37C-7AD8-4FC1-ABEC-1A6ED2268F83}.Debug|Win32.ActiveCfg = Debug|Win32
		{CCB9A37C-7AD8-4FC1-ABEC-1A6ED2268F83}.Debug|Win32.Build.0 = Debug|Win32
		{CCB9A37C-7AD8-4FC1-ABEC-1A6ED2268F83}.Debug|x64.ActiveCfg = Debug|x64
		{CCB9A37C-7AD8-4FC1-ABEC-1A6ED2268F83}.Debug|x64.Build.0 = Debug|x64
		{CCB9A37C-7AD8-4FC1-ABEC-1A6ED2268F83}.DebugXP|ARM64.ActiveCfg = Release|Win32
		{CCB9A37C-7AD8-4FC1-ABEC-1A6ED2268F83}.DebugXP|ARM64.Build.0 = Release|Win32
		{CCB9A37C-7AD8-4FC1-ABEC-1A6ED2268F83}.DebugXP|Win32.ActiveCfg = Debug|Win32
		{CCB9A37C-7AD8-4FC1-ABEC-1A6ED2268F83}.DebugXP|Win32.Build.0 = Debug|Win32
		{CCB9A37C-7AD8-4FC1-ABEC-1A6ED2268F83}.DebugXP|x64.ActiveCfg = Debug|x64
		{CCB9A37C-7AD8-4FC1-ABEC-1A6ED2268F83}.DebugXP|x64.Build.0 = Debug|x64
		{CCB9A37C-7AD8-4FC1-ABEC-1A6ED2268F83}.EmuDebug|ARM64.ActiveCfg = Release|x64
		{CCB9A37C-7AD8-4FC1-ABEC-1A6ED2268F83}.EmuDebug|ARM64.Build.0 = Release|x64
		{CCB9A37C-7AD8-4FC1-ABEC-1A6ED2268F83}.EmuDebug|Win32.ActiveCfg = Release|Win32
		{CCB9A37C-7AD8-4FC1-ABEC-1A6ED2268F83}.EmuDebug|Win32.Build.0 = Release|Win32
		{CCB9A37C-7AD8-4FC1-ABEC-1A6ED2268F83}.EmuDebug|x64.ActiveCfg = Debug|x64
		{CCB9A37C-7AD8-4FC1-ABEC-1A6ED2268F83}.EmuDebug|x64.Build.0 = Debug|x64
		{CCB9A37C-7AD8-4FC1-ABEC-1A6ED2268F83}.EmuRelease|ARM64.ActiveCfg = Release|x64
		{CCB9A37C-7AD8-4FC1-ABEC-1A6ED2268F83}.EmuRelease|ARM64.Build.0 = Release|x64
		{CCB9A37C-7AD8-4FC1-ABEC-1A6ED2268F83}.EmuRelease|Win32.ActiveCfg = Release|Win32
		{CCB9A37C-7AD8-4FC1-ABEC-1A6ED2268F83}.EmuRelease|Win32.Build.0 = Release|Win32
		{CCB9A37C-7AD8-4FC1-ABEC-1A6ED2268F83}.EmuRelease|x64.ActiveCfg = Release|x64
		{CCB9A37C-7AD8-4FC1-ABEC-1A6ED2268F83}.EmuRelease|x64.Build.0 = Release|x64
		{CCB9A37C-7AD8-4FC1-ABEC-1A6ED2268F83}.Release|ARM64.ActiveCfg = Release|Win32
		{CCB9A37C-7AD8-4FC1-ABEC-1A6ED2268F83}.Release|Win32.ActiveCfg = Release|Win32
		{CCB9A37C-7AD8-4FC1-ABEC-1A6ED2268F83}.Release|Win32.Build.0 = Release|Win32
		{CCB9A37C-7AD8-4FC1-ABEC-1A6ED2268F83}.Release|x64.ActiveCfg = Release|x64
		{CCB9A37C-7AD8-4FC1-ABEC-1A6ED2268F83}.Release|x64.Build.0 = Release|x64
		{3CF31288-A44D-4C78-A3AA-B05B6E32DF11}.Debug|ARM64.ActiveCfg = Debug|Win32
		{3CF31288-A44D-4C78-A3AA-B05B6E32DF11}.Debug|Win32.ActiveCfg = Debug|Win32
		{3CF31288-A44D-4C78-A3AA-B05B6E32DF11}.Debug|Win32.Build.0 = Debug|Win32
		{3CF31288-A44D-4C78-A3AA-B05B6E32DF11}.Debug|x64.ActiveCfg = Debug|x64
		{3CF31288-A44D-4C78-A3AA-B05B6E32DF11}.Debug|x64.Build.0 = Debug|x64
		{3CF31288-A44D-4C78-A3AA-B05B6E32DF11}.DebugXP|ARM64.ActiveCfg = Release|Win32
		{3CF31288-A44D-4C78-A3AA-B05B6E32DF11}.DebugXP|ARM64.Build.0 = Release|Win32
		{3CF31288-A44D-4C78-A3AA-B05B6E32DF11}.DebugXP|Win32.ActiveCfg = Debug|Win32
		{3CF31288-A44D-4C78-A3AA-B05B6E32DF11}.DebugXP|Win32.Build.0 = Debug|Win32
		{3CF31288-A44D-4C78-A3AA-B05B6E32DF11}.DebugXP|x64.ActiveCfg = Debug|x64
		{3CF31288-A44D-4C78-A3AA-B05B6E32DF11}.DebugXP|x64.Build.0 = Debug|x64
		{3CF31288-A44D-4C78-A3AA-B05B6E32DF11}.EmuDebug|ARM64.ActiveCfg = Release|x64
		{3CF31288-A44D-4C78-A3AA-B05B6E32DF11}.EmuDebug|ARM64.Build.0 = Release|x64
		{3CF31288-A44D-4C78-A3AA-B05B6E32DF11}.EmuDebug|Win32.ActiveCfg = Release|Win32
		{3CF31288-A44D-4C78-A3AA-B05B6E32DF11}.EmuDebug|Win32.Build.0 = Release|Win32
		{3CF31288-A44D-4C78-A3AA-B05B6E32DF11}.EmuDebug|x64.ActiveCfg = Debug|x64
		{3CF31288-A44D-4C78-A3AA-B05B6E32DF11}.EmuDebug|x64.Build.0 = Debug|x64
		{3CF31288-A44D-4C78-A3AA-B05B6E32DF11}.EmuRelease|ARM64.ActiveCfg = Release|x64
		{3CF31288-A44D-4C78-A3AA-B05B6E32DF11}.EmuRelease|ARM64.Build.0 = Release|x64
		{3CF31288-A44D-4C78-A3AA-B05B6E32DF11}.EmuRelease|Win32.ActiveCfg = Release|Win32
		{3CF31288-A44D-4C78-A3AA-B05B6E32DF11}.EmuRelease|Win32.Build.0 = Release|Win32
		{3CF31288-A44D-4C78-A3AA-B05B6E32DF11}.EmuRelease|x64.ActiveCfg = Release|x64
		{3CF31288-A44D-4C78-A3AA-B05B6E32DF11}.EmuRelease|x64.Build.0 = Release|x64
		{3CF31288-A44D-4C78-A3AA-B05B6E32DF11}.Release|ARM64.ActiveCfg = Release|Win32
		{3CF31288-A44D-4C78-A3AA-B05B6E32DF11}.Release|Win32.ActiveCfg = Release|Win32
		{3CF31288-A44D-4C78-A3AA-B05B6E32DF11}.Release|Win32.Build.0 = Release|Win32
		{3CF31288-A44D-4C78-A3AA-B05B6E32DF11}.Release|x64.ActiveCfg = Release|x64
		{3CF31288-A44D-4C78-A3AA-B05B6E32DF11}.Release|x64.Build.0 = Release|x64
		{814EBFD3-3CE6-4933-A580-C1FE3147ACB4}.Debug|ARM64.ActiveCfg = Debug|Win32
		{814EBFD3-3CE6-4933-A580-C1FE3147ACB4}.Debug|Win32.ActiveCfg = Debug|Win32
		{814EBFD3-3CE6-4933-A580-C1FE3147ACB4}.Debug|Win32.Build.0 = Debug|Win32
		{814EBFD3-3CE6-4933-A580-C1FE3147ACB4}.Debug|x64.ActiveCfg = Debug|x64
		{814EBFD3-3CE6-4933-A580-C1FE3147ACB4}.Debug|x64.Build.0 = Debug|x64
		{814EBFD3-3CE6-4933-A580-C1FE3147ACB4}.DebugXP|ARM64.ActiveCfg = Release|Win32
		{814EBFD3-3CE6-4933-A580-C1FE3147ACB4}.DebugXP|ARM64.Build.0 = Release|Win32
		{814EBFD3-3CE6-4933-A580-C1FE3147ACB4}.DebugXP|Win32.ActiveCfg = Debug|Win32
		{814EBFD3-3CE6-4933-A580-C1FE3147ACB4}.DebugXP|Win32.Build.0 = Debug|Win32
		{814EBFD3-3CE6-4933-A580-C1FE3147ACB4}.DebugXP|x64.ActiveCfg = Debug|x64
		{814EBFD3-3CE6-4933-A580-C1FE3147ACB4}.DebugXP|x64.Build.0 = Debug|x64
		{814EBFD3-3CE6-4933-A580-C1FE3147ACB4}.EmuDebug|ARM64.ActiveCfg = Release|x64
		{814EBFD3-3CE6-4933-A580-C1FE3147ACB4}.EmuDebug|ARM64.Build.0 = Release|x64
		{814EBFD3-3CE6-4933-A580-C1FE3147ACB4}.EmuDebug|Win32.ActiveCfg = Release|Win32
		{814EBFD3-3CE6-4933-A580-C1FE3147ACB4}.EmuDebug|Win32.Build.0 = Release|Win32
		{814EBFD3-3CE6-4933-A580-C1FE3147ACB4}.EmuDebug|x64.ActiveCfg = Debug|x64
		{814EBFD3-3CE6-4933-A580-C1FE3147ACB4}.EmuDebug|x64.Build.0 = Debug|x64
		{814EBFD3-3CE6-4933-A580-C1FE3147ACB4}.EmuRelease|ARM64.ActiveCfg = Release|x64
		{814EBFD3-3CE6-4933-A580-C1FE3147ACB4}.EmuRelease|ARM64.Build.0 = Release|x64
		{814EBFD3-3CE6-4933-A580-C1FE3147ACB4}.EmuRelease|Win32.ActiveCfg = Release|Win32
		{814EBFD3-3CE6-4933-A580-C1FE3147ACB4}.EmuRelease|Win32.Build.0 = Release|Win32
		{814EBFD3-3CE6-4933-A580-C1FE3147ACB4}.EmuRelease|x64.ActiveCfg = Release|x64
		{814EBFD3-3CE6-4933-A580-C1FE3147ACB4}.EmuRelease|x64.Build.0 = Release|x64
		{814EBFD3-3CE6-4933-A580-C1FE3147ACB4}.Release|ARM64.ActiveCfg = Release|Win32
		{814EBFD3-3CE6-4933-A580-C1FE3147ACB4}.Release|Win32.ActiveCfg = Release|Win32
		{814EBFD3-3CE6-4933-A580-C1FE3147ACB4}.Release|Win32.Build.0 = Release|Win32
		{814EBFD3-3CE6-4933-A580-C1FE3147ACB4}.Release|x64.ActiveCfg = Release|x64
		{814EBFD3-3CE6-4933-A580-C1FE3147ACB4}.Release|x64.Build.0 = Release|x64
		{B00664BD-71EB-46C1-957E-CD851418D395}.Debug|ARM64.ActiveCfg = Debug|Win32
		{B00664BD-71EB-46C1-957E-CD851418D395}.Debug|Win32.ActiveCfg = Debug|Win32
		{B00664BD-71EB-46C1-957E-CD851418D395}.Debug|Win32.Build.0 = Debug|Win32
		{B00664BD-71EB-46C1-957E-CD851418D395}.Debug|x64.ActiveCfg = Debug|x64
		{B00664BD-71EB-46C1-957E-CD851418D395}.Debug|x64.Build.0 = Debug|x64
		{B00664BD-71EB-46C1-957E-CD851418D395}.DebugXP|ARM64.ActiveCfg = Release|Win32
		{B00664BD-71EB-46C1-957E-CD851418D395}.DebugXP|ARM64.Build.0 = Release|Win32
		{B00664BD-71EB-46C1-957E-CD851418D395}.DebugXP|Win32.ActiveCfg = Debug|Win32
		{B00664BD-71EB-46C1-957E-CD851418D395}.DebugXP|Win32.Build.0 = Debug|Win32
		{B00664BD-71EB-46C1-957E-CD851418D395}.DebugXP|x64.ActiveCfg = Debug|x64
		{B00664BD-71EB-46C1-957E-CD851418D395}.DebugXP|x64.Build.0 = Debug|x64
		{B00664BD-71EB-46C1-957E-CD851418D395}.EmuDebug|ARM64.ActiveCfg = Release|x64
		{B00664BD-71EB-46C1-957E-CD851418D395}.EmuDebug|ARM64.Build.0 = Release|x64
		{B00664BD-71EB-46C1-957E-CD851418D395}.EmuDebug|Win32.ActiveCfg = Release|Win32
		{B00664BD-71EB-46C1-957E-CD851418D395}.EmuDebug|Win32.Build.0 = Release|Win32
		{B00664BD-71EB-46C1-957E-CD851418D395}.EmuDebug|x64.ActiveCfg = Debug|x64
		{B00664BD-71EB-46C1-957E-CD851418D395}.EmuDebug|x64.Build.0 = Debug|x64
		{B00664BD-71EB-46C1-957E-CD851418D395}.EmuRelease|ARM64.ActiveCfg = Release|x64
		{B00664BD-71EB-46C1-957E-CD851418D395}.EmuRelease|ARM64.Build.0 = Release|x64
		{B00664BD-71EB-46C1-957E-CD851418D395}.EmuRelease|Win32.ActiveCfg = Release|Win32
		{B00664BD-71EB-46C1-957E-CD851418D395}.EmuRelease|Win32.Build.0 = Release|Win32
		{B00664BD-71EB-46C1-957E-CD851418D395}.EmuRelease|x64.ActiveCfg = Release|x64
		{B00664BD-71EB-46C1-957E-CD851418D395}.EmuRelease|x64.Build.0 = Release|x64
		{B00664BD-71EB-46C1-957E-CD851418D395}.Release|ARM64.ActiveCfg = Release|Win32
		{B00664BD-71EB-46C1-957E-CD851418D395}.Release|Win32.ActiveCfg = Release|Win32
		{B00664BD-71EB-46C1-957E-CD851418D395}.Release|Win32.Build.0 = Release|Win32
		{B00664BD-71EB-46C1-957E-CD851418D395}.Release|x64.ActiveCfg = Release|x64
		{B00664BD-71EB-46C1-957E-CD851418D395}.Release|x64.Build.0 = Release|x64
		{07BDA8F7-4AAF-4A3B-B96E-EA72A143C5AE}.Debug|ARM64.ActiveCfg = Debug|Win32
		{07BDA8F7-4AAF-4A3B-B96E-EA72A143C5AE}.Debug|Win32.ActiveCfg = Debug|Win32
		{07BDA8F7-4AAF-4A3B-B96E-EA72A143C5AE}.Debug|Win32.Build.0 = Debug|Win32
		{07BDA8F7-4AAF-4A3B-B96E-EA72A143C5AE}.Debug|x64.ActiveCfg = Debug|x64
		{07BDA8F7-4AAF-4A3B-B96E-EA72A143C5AE}.Debug|x64.Build.0 = Debug|x64
		{07BDA8F7-4AAF-4A3B-B96E-EA72A143C5AE}.DebugXP|ARM64.ActiveCfg = Release|Win32
		{07BDA8F7-4AAF-4A3B-B96E-EA72A143C5AE}.DebugXP|ARM64.Build.0 = Release|Win32
		{07BDA8F7-4AAF-4A3B-B96E-EA72A143C5AE}.DebugXP|Win32.ActiveCfg = Debug|Win32
		{07BDA8F7-4AAF-4A3B-B96E-EA72A143C5AE}.DebugXP|Win32.Build.0 = Debug|Win32
		{07BDA8F7-4AAF-4A3B-B96E-EA72A143C5AE}.DebugXP|x64.ActiveCfg = Debug|x64
		{07BDA8F7-4AAF-4A3B-B96E-EA72A143C5AE}.DebugXP|x64.Build.0 = Debug|x64
		{07BDA8F7-4AAF-4A3B-B96E-EA72A143C5AE}.EmuDebug|ARM64.ActiveCfg = Release|x64
		{07BDA8F7-4AAF-4A3B-B96E-EA72A143C5AE}.EmuDebug|ARM64.Build.0 = Release|x64
		{07BDA8F7-4AAF-4A3B-B96E-EA72A143C5AE}.EmuDebug|Win32.ActiveCfg = Release|Win32
		{07BDA8F7-4AAF-4A3B-B96E-EA72A143C5AE}.EmuDebug|Win32.Build.0 = Release|Win32
		{07BDA8F7-4AAF-4A3B-B96E-EA72A143C5AE}.EmuDebug|x64.ActiveCfg = Debug|x64
		{07BDA8F7-4AAF-4A3B-B96E-EA72A143C5AE}.EmuDebug|x64.Build.0 = Debug|x64
		{07BDA8F7-4AAF-4A3B-B96E-EA72A143C5AE}.EmuRelease|ARM64.ActiveCfg = Release|x64
		{07BDA8F7-4AAF-4A3B-B96E-EA72A143C5AE}.EmuRelease|ARM64.Build.0 = Release|x64
		{07BDA8F7-4AAF-4A3B-B96E-EA72A143C5AE}.EmuRelease|Win32.ActiveCfg = Release|Win32
		{07BDA8F7-4AAF-4A3B-B96E-EA72A143C5AE}.EmuRelease|Win32.Build.0 = Release|Win32
		{07BDA8F7-4AAF-4A3B-B96E-EA72A143C5AE}.EmuRelease|x64.ActiveCfg = Release|x64
		{07BDA8F7-4AAF-4A3B-B96E-EA72A143C5AE}.EmuRelease|x64.Build.0 = Release|x64
		{07BDA8F7-4AAF-4A3B-B96E-EA72A143C5AE}.Release|ARM64.ActiveCfg = Release|Win32
		{07BDA8F7-4AAF-4A3B-B96E-EA72A143C5AE}.Release|Win32.ActiveCfg = Release|Win32
		{07BDA8F7-4AAF-4A3B-B96E-EA72A143C5AE}.Release|Win32.Build.0 = Release|Win32
		{07BDA8F7-4AAF-4A3B-B96E-EA72A143C5AE}.Release|x64.ActiveCfg = Release|x64
		{07BDA8F7-4AAF-4A3B-B96E-EA72A143C5AE}.Release|x64.Build.0 = Release|x64
		{9FC47E90-4E0D-4383-B446-A84314B00764}.Debug|ARM64.ActiveCfg = Debug|Win32
		{9FC47E90-4E0D-4383-B446-A84314B00764}.Debug|Win32.ActiveCfg = Debug|Win32
		{9FC47E90-4E0D-4383-B446-A84314B00764}.Debug|Win32.Build.0 = Debug|Win32
		{9FC47E90-4E0D-4383-B446-A84314B00764}.Debug|x64.ActiveCfg = Debug|x64
		{9FC47E90-4E0D-4383-B446-A84314B00764}.Debug|x64.Build.0 = Debug|x64
		{9FC47E90-4E0D-4383-B446-A84314B00764}.DebugXP|ARM64.ActiveCfg = Release|Win32
		{9FC47E90-4E0D-4383-B446-A84314B00764}.DebugXP|ARM64.Build.0 = Release|Win32
		{9FC47E90-4E0D-4383-B446-A84314B00764}.DebugXP|Win32.ActiveCfg = Debug|Win32
		{9FC47E90-4E0D-4383-B446-A84314B00764}.DebugXP|Win32.Build.0 = Debug|Win32
		{9FC47E90-4E0D-4383-B446-A84314B00764}.DebugXP|x64.ActiveCfg = Debug|x64
		{9FC47E90-4E0D-4383-B446-A84314B00764}.DebugXP|x64.Build.0 = Debug|x64
		{9FC47E90-4E0D-4383-B446-A84314B00764}.EmuDebug|ARM64.ActiveCfg = Release|x64
		{9FC47E90-4E0D-4383-B446-A84314B00764}.EmuDebug|ARM64.Build.0 = Release|x64
		{9FC47E90-4E0D-4383-B446-A84314B00764}.EmuDebug|Win32.ActiveCfg = Release|Win32
		{9FC47E90-4E0D-4383-B446-A84314B00764}.EmuDebug|Win32.Build.0 = Release|Win32
		{9FC47E90-4E0D-4383-B446-A84314B00764}.EmuDebug|x64.ActiveCfg = Debug|x64
		{9FC47E90-4E0D-4383-B446-A84314B00764}.EmuDebug|x64.Build.0 = Debug|x64
		{9FC47E90-4E0D-4383-B446-A84314B00764}.EmuRelease|ARM64.ActiveCfg = Release|x64
		{9FC47E90-4E0D-4383-B446-A84314B00764}.EmuRelease|ARM64.Build.0 = Release|x64
		{9FC47E90-4E0D-4383-B446-A84314B00764}.EmuRelease|Win32.ActiveCfg = Release|Win32
		{9FC47E90-4E0D-4383-B446-A84314B00764}.EmuRelease|Win32.Build.0 = Release|Win32
		{9FC47E90-4E0D-4383-B446-A84314B00764}.EmuRelease|x64.ActiveCfg = Release|x64
		{9FC47E90-4E0D-4383-B446-A84314B00764}.EmuRelease|x64.Build.0 = Release|x64
		{9FC47E90-4E0D-4383-B446-A84314B00764}.Release|ARM64.ActiveCfg = Release|Win32
		{9FC47E90-4E0D-4383-B446-A84314B00764}.Release|Win32.ActiveCfg = Release|Win32
		{9FC47E90-4E0D-4383-B446-A84314B00764}.Release|Win32.Build.0 = Release|Win32
		{9FC47E90-4E0D-4383-B446-A84314B00764}.Release|x64.ActiveCfg = Release|x64
		{9FC47E90-4E0D-4383-B446-A84314B00764}.Release|x64.Build.0 = Release|x64
		{C3163ACA-C2E6-49D2-AA21-B8B953331EF7}.Debug|ARM64.ActiveCfg = Debug|Win32
		{C3163ACA-C2E6-49D2-AA21-B8B953331EF7}.Debug|Win32.ActiveCfg = Debug|Win32
		{C3163ACA-C2E6-49D2-AA21-B8B953331EF7}.Debug|Win32.Build.0 = Debug|Win32
		{C3163ACA-C2E6-49D2-AA21-B8B953331EF7}.Debug|x64.ActiveCfg = Debug|x64
		{C3163ACA-C2E6-49D2-AA21-B8B953331EF7}.Debug|x64.Build.0 = Debug|x64
		{C3163ACA-C2E6-49D2-AA21-B8B953331EF7}.DebugXP|ARM64.ActiveCfg = Release|Win32
		{C3163ACA-C2E6-49D2-AA21-B8B953331EF7}.DebugXP|ARM64.Build.0 = Release|Win32
		{C3163ACA-C2E6-49D2-AA21-B8B953331EF7}.DebugXP|Win32.ActiveCfg = Debug|Win32
		{C3163ACA-C2E6-49D2-AA21-B8B953331EF7}.DebugXP|Win32.Build.0 = Debug|Win32
		{C3163ACA-C2E6-49D2-AA21-B8B953331EF7}.DebugXP|x64.ActiveCfg = Debug|x64
		{C3163ACA-C2E6-49D2-AA21-B8B953331EF7}.DebugXP|x64.Build.0 = Debug|x64
		{C3163ACA-C2E6-49D2-AA21-B8B953331EF7}.EmuDebug|ARM64.ActiveCfg = Release|x64
		{C3163ACA-C2E6-49D2-AA21-B8B953331EF7}.EmuDebug|ARM64.Build.0 = Release|x64
		{C3163ACA-C2E6-49D2-AA21-B8B953331EF7}.EmuDebug|Win32.ActiveCfg = Release|Win32
		{C3163ACA-C2E6-49D2-AA21-B8B953331EF7}.EmuDebug|Win32.Build.0 = Release|Win32
		{C3163ACA-C2E6-49D2-AA21-B8B953331EF7}.EmuDebug|x64.ActiveCfg = Debug|x64
		{C3163ACA-C2E6-49D2-AA21-B8B953331EF7}.EmuDebug|x64.Build.0 = Debug|x64
		{C3163ACA-C2E6-49D2-AA21-B8B953331EF7}.EmuRelease|ARM64.ActiveCfg = Release|x64
		{C3163ACA-C2E6-49D2-AA21-B8B953331EF7}.EmuRelease|ARM64.Build.0 = Release|x64
		{C3163ACA-C2E6-49D2-AA21-B8B953331EF7}.EmuRelease|Win32.ActiveCfg = Release|Win32
		{C3163ACA-C2E6-49D2-AA21-B8B953331EF7}.EmuRelease|Win32.Build.0 = Release|Win32
		{C3163ACA-C2E6-49D2-AA21-B8B953331EF7}.EmuRelease|x64.ActiveCfg = Release|x64
		{C3163ACA-C2E6-49D2-AA21-B8B953331EF7}.EmuRelease|x64.Build.0 = Release|x64
		{C3163ACA-C2E6-49D2-AA21-B8B953331EF7}.Release|ARM64.ActiveCfg = Release|Win32
		{C3163ACA-C2E6-49D2-AA21-B8B953331EF7}.Release|Win32.ActiveCfg = Release|Win32
		{C3163ACA-C2E6-49D2-AA21-B8B953331EF7}.Release|Win32.Build.0 = Release|Win32
		{C3163ACA-C2E6-49D2-AA21-B8B953331EF7}.Release|x64.ActiveCfg = Release|x64
		{C3163ACA-C2E6-49D2-AA21-B8B953331EF7}.Release|x64.Build.0 = Release|x64
		{3A8DFC5C-D169-4BB6-8282-EBD3D1318140}.Debug|ARM64.ActiveCfg = Debug|Win32
		{3A8DFC5C-D169-4BB6-8282-EBD3D1318140}.Debug|Win32.ActiveCfg = Debug|Win32
		{3A8DFC5C-D169-4BB6-8282-EBD3D1318140}.Debug|Win32.Build.0 = Debug|Win32
		{3A8DFC5C-D169-4BB6-8282-EBD3D1318140}.Debug|x64.ActiveCfg = Debug|x64
		{3A8DFC5C-D169-4BB6-8282-EBD3D1318140}.Debug|x64.Build.0 = Debug|x64
		{3A8DFC5C-D169-4BB6-8282-EBD3D1318140}.DebugXP|ARM64.ActiveCfg = Release|Win32
		{3A8DFC5C-D169-4BB6-8282-EBD3D1318140}.DebugXP|ARM64.Build.0 = Release|Win32
		{3A8DFC5C-D169-4BB6-8282-EBD3D1318140}.DebugXP|Win32.ActiveCfg = Debug|Win32
		{3A8DFC5C-D169-4BB6-8282-EBD3D1318140}.DebugXP|Win32.Build.0 = Debug|Win32
		{3A8DFC5C-D169-4BB6-8282-EBD3D1318140}.DebugXP|x64.ActiveCfg = Debug|x64
		{3A8DFC5C-D169-4BB6-8282-EBD3D1318140}.DebugXP|x64.Build.0 = Debug|x64
		{3A8DFC5C-D169-4BB6-8282-EBD3D1318140}.EmuDebug|ARM64.ActiveCfg = Release|x64
		{3A8DFC5C-D169-4BB6-8282-EBD3D1318140}.EmuDebug|ARM64.Build.0 = Release|x64
		{3A8DFC5C-D169-4BB6-8282-EBD3D1318140}.EmuDebug|Win32.ActiveCfg = Release|Win32
		{3A8DFC5C-D169-4BB6-8282-EBD3D1318140}.EmuDebug|Win32.Build.0 = Release|Win32
		{3A8DFC5C-D169-4BB6-8282-EBD3D1318140}.EmuDebug|x64.ActiveCfg = Debug|x64
		{3A8DFC5C-D169-4BB6-8282-EBD3D1318140}.EmuDebug|x64.Build.0 = Debug|x64
		{3A8DFC5C-D169-4BB6-8282-EBD3D1318140}.EmuRelease|ARM64.ActiveCfg = Release|x64
		{3A8DFC5C-D169-4BB6-8282-EBD3D1318140}.EmuRelease|ARM64.Build.0 = Release|x64
		{3A8DFC5C-D169-4BB6-8282-EBD3D1318140}.EmuRelease|Win32.ActiveCfg = Release|Win32
		{3A8DFC5C-D169-4BB6-8282-EBD3D1318140}.EmuRelease|Win32.Build.0 = Release|Win32
		{3A8DFC5C-D169-4BB6-8282-EBD3D1318140}.EmuRelease|x64.ActiveCfg = Release|x64
		{3A8DFC5C-D169-4BB6-8282-EBD3D1318140}.EmuRelease|x64.Build.0 = Release|x64
		{3A8DFC5C-D169-4BB6-8282-EBD3D1318140}.Release|ARM64.ActiveCfg = Release|Win32
		{3A8DFC5C-D169-4BB6-8282-EBD3D1318140}.Release|Win32.ActiveCfg = Release|Win32
		{3A8DFC5C-D169-4BB6-8282-EBD3D1318140}.Release|Win32.Build.0 = Release|Win32
		{3A8DFC5C-D169-4BB6-8282-EBD3D1318140}.Release|x64.ActiveCfg = Release|x64
		{3A8DFC5C-D169-4BB6-8282-EBD3D1318140}.Release|x64.Build.0 = Release|x64
		{C41F5C14-772D-4B56-BAF3-0FE8BF6807D5}.Debug|ARM64.ActiveCfg = Debug|Win32
		{C41F5C14-772D-4B56-BAF3-0FE8BF6807D5}.Debug|Win32.ActiveCfg = Debug|Win32
		{C41F5C14-772D-4B56-BAF3-0FE8BF6807D5}.Debug|x64.ActiveCfg = Debug|x64
		{C41F5C14-772D-4B56-BAF3-0FE8BF6807D5}.DebugXP|ARM64.ActiveCfg = Release|Win32
		{C41F5C14-772D-4B56-BAF3-0FE8BF6807D5}.DebugXP|ARM64.Build.0 = Release|Win32
		{C41F5C14-772D-4B56-BAF3-0FE8BF6807D5}.DebugXP|Win32.ActiveCfg = Debug|Win32
		{C41F5C14-772D-4B56-BAF3-0FE8BF6807D5}.DebugXP|Win32.Build.0 = Debug|Win32
		{C41F5C14-772D-4B56-BAF3-0FE8BF6807D5}.DebugXP|x64.ActiveCfg = Debug|x64
		{C41F5C14-772D-4B56-BAF3-0FE8BF6807D5}.DebugXP|x64.Build.0 = Debug|x64
		{C41F5C14-772D-4B56-BAF3-0FE8BF6807D5}.EmuDebug|ARM64.ActiveCfg = Release|x64
		{C41F5C14-772D-4B56-BAF3-0FE8BF6807D5}.EmuDebug|ARM64.Build.0 = Release|x64
		{C41F5C14-772D-4B56-BAF3-0FE8BF6807D5}.EmuDebug|Win32.ActiveCfg = Release|Win32
		{C41F5C14-772D-4B56-BAF3-0FE8BF6807D5}.EmuDebug|Win32.Build.0 = Release|Win32
		{C41F5C14-772D-4B56-BAF3-0FE8BF6807D5}.EmuDebug|x64.ActiveCfg = Debug|x64
		{C41F5C14-772D-4B56-BAF3-0FE8BF6807D5}.EmuDebug|x64.Build.0 = Debug|x64
		{C41F5C14-772D-4B56-BAF3-0FE8BF6807D5}.EmuRelease|ARM64.ActiveCfg = Release|x64
		{C41F5C14-772D-4B56-BAF3-0FE8BF6807D5}.EmuRelease|ARM64.Build.0 = Release|x64
		{C41F5C14-772D-4B56-BAF3-0FE8BF6807D5}.EmuRelease|Win32.ActiveCfg = Release|Win32
		{C41F5C14-772D-4B56-BAF3-0FE8BF6807D5}.EmuRelease|Win32.Build.0 = Release|Win32
		{C41F5C14-772D-4B56-BAF3-0FE8BF6807D5}.EmuRelease|x64.ActiveCfg = Release|x64
		{C41F5C14-772D-4B56-BAF3-0FE8BF6807D5}.EmuRelease|x64.Build.0 = Release|x64
		{C41F5C14-772D-4B56-BAF3-0FE8BF6807D5}.Release|ARM64.ActiveCfg = Release|Win32
		{C41F5C14-772D-4B56-BAF3-0FE8BF6807D5}.Release|Win32.ActiveCfg = Release|Win32
		{C41F5C14-772D-4B56-BAF3-0FE8BF6807D5}.Release|x64.ActiveCfg = Release|x64
		{55F71337-32A6-4C26-8CBA-A06A9183D6F2}.Debug|ARM64.ActiveCfg = Debug|Win32
		{55F71337-32A6-4C26-8CBA-A06A9183D6F2}.Debug|Win32.ActiveCfg = Debug|Win32
		{55F71337-32A6-4C26-8CBA-A06A9183D6F2}.Debug|x64.ActiveCfg = Debug|x64
		{55F71337-32A6-4C26-8CBA-A06A9183D6F2}.DebugXP|ARM64.ActiveCfg = Release|x64
		{55F71337-32A6-4C26-8CBA-A06A9183D6F2}.DebugXP|ARM64.Build.0 = Release|x64
		{55F71337-32A6-4C26-8CBA-A06A9183D6F2}.DebugXP|Win32.ActiveCfg = Debug|Win32
		{55F71337-32A6-4C26-8CBA-A06A9183D6F2}.DebugXP|Win32.Build.0 = Debug|Win32
		{55F71337-32A6-4C26-8CBA-A06A9183D6F2}.DebugXP|x64.ActiveCfg = Debug|x64
		{55F71337-32A6-4C26-8CBA-A06A9183D6F2}.DebugXP|x64.Build.0 = Debug|x64
		{55F71337-32A6-4C26-8CBA-A06A9183D6F2}.EmuDebug|ARM64.ActiveCfg = EmuDebug|Win32
		{55F71337-32A6-4C26-8CBA-A06A9183D6F2}.EmuDebug|Win32.ActiveCfg = Release|Win32
		{55F71337-32A6-4C26-8CBA-A06A9183D6F2}.EmuDebug|Win32.Build.0 = Release|Win32
		{55F71337-32A6-4C26-8CBA-A06A9183D6F2}.EmuDebug|x64.ActiveCfg = EmuDebug|x64
		{55F71337-32A6-4C26-8CBA-A06A9183D6F2}.EmuDebug|x64.Build.0 = EmuDebug|x64
		{55F71337-32A6-4C26-8CBA-A06A9183D6F2}.EmuRelease|ARM64.ActiveCfg = EmuRelease|Win32
		{55F71337-32A6-4C26-8CBA-A06A9183D6F2}.EmuRelease|Win32.ActiveCfg = Release|Win32
		{55F71337-32A6-4C26-8CBA-A06A9183D6F2}.EmuRelease|Win32.Build.0 = Release|Win32
		{55F71337-32A6-4C26-8CBA-A06A9183D6F2}.EmuRelease|x64.ActiveCfg = EmuRelease|x64
		{55F71337-32A6-4C26-8CBA-A06A9183D6F2}.EmuRelease|x64.Build.0 = EmuRelease|x64
		{55F71337-32A6-4C26-8CBA-A06A9183D6F2}.Release|ARM64.ActiveCfg = Release|Win32
		{55F71337-32A6-4C26-8CBA-A06A9183D6F2}.Release|Win32.ActiveCfg = Release|Win32
		{55F71337-32A6-4C26-8CBA-A06A9183D6F2}.Release|x64.ActiveCfg = Release|x64
		{BDC69EE0-033E-4AE1-B6AD-670E26FC117B}.Debug|ARM64.ActiveCfg = Debug|Win32
		{BDC69EE0-033E-4AE1-B6AD-670E26FC117B}.Debug|Win32.ActiveCfg = Debug|Win32
		{BDC69EE0-033E-4AE1-B6AD-670E26FC117B}.Debug|x64.ActiveCfg = Debug|x64
		{BDC69EE0-033E-4AE1-B6AD-670E26FC117B}.DebugXP|ARM64.ActiveCfg = Release|Win32
		{BDC69EE0-033E-4AE1-B6AD-670E26FC117B}.DebugXP|ARM64.Build.0 = Release|Win32
		{BDC69EE0-033E-4AE1-B6AD-670E26FC117B}.DebugXP|Win32.ActiveCfg = Debug|Win32
		{BDC69EE0-033E-4AE1-B6AD-670E26FC117B}.DebugXP|Win32.Build.0 = Debug|Win32
		{BDC69EE0-033E-4AE1-B6AD-670E26FC117B}.DebugXP|x64.ActiveCfg = Debug|x64
		{BDC69EE0-033E-4AE1-B6AD-670E26FC117B}.DebugXP|x64.Build.0 = Debug|x64
		{BDC69EE0-033E-4AE1-B6AD-670E26FC117B}.EmuDebug|ARM64.ActiveCfg = Release|x64
		{BDC69EE0-033E-4AE1-B6AD-670E26FC117B}.EmuDebug|ARM64.Build.0 = Release|x64
		{BDC69EE0-033E-4AE1-B6AD-670E26FC117B}.EmuDebug|Win32.ActiveCfg = Release|Win32
		{BDC69EE0-033E-4AE1-B6AD-670E26FC117B}.EmuDebug|Win32.Build.0 = Release|Win32
		{BDC69EE0-033E-4AE1-B6AD-670E26FC117B}.EmuDebug|x64.ActiveCfg = Debug|x64
		{BDC69EE0-033E-4AE1-B6AD-670E26FC117B}.EmuDebug|x64.Build.0 = Debug|x64
		{BDC69EE0-033E-4AE1-B6AD-670E26FC117B}.EmuRelease|ARM64.ActiveCfg = Release|x64
		{BDC69EE0-033E-4AE1-B6AD-670E26FC117B}.EmuRelease|ARM64.Build.0 = Release|x64
		{BDC69EE0-033E-4AE1-B6AD-670E26FC117B}.EmuRelease|Win32.ActiveCfg = Release|Win32
		{BDC69EE0-033E-4AE1-B6AD-670E26FC117B}.EmuRelease|Win32.Build.0 = Release|Win32
		{BDC69EE0-033E-4AE1-B6AD-670E26FC117B}.EmuRelease|x64.ActiveCfg = Release|x64
		{BDC69EE0-033E-4AE1-B6AD-670E26FC117B}.EmuRelease|x64.Build.0 = Release|x64
		{BDC69EE0-033E-4AE1-B6AD-670E26FC117B}.Release|ARM64.ActiveCfg = Release|Win32
		{BDC69EE0-033E-4AE1-B6AD-670E26FC117B}.Release|Win32.ActiveCfg = Release|Win32
		{BDC69EE0-033E-4AE1-B6AD-670E26FC117B}.Release|x64.ActiveCfg = Release|x64
		{BFE833C6-840F-4F2E-A1FA-A4DE9B9277D6}.Debug|ARM64.ActiveCfg = Debug|Win32
		{BFE833C6-840F-4F2E-A1FA-A4DE9B9277D6}.Debug|Win32.ActiveCfg = Debug|Win32
		{BFE833C6-840F-4F2E-A1FA-A4DE9B9277D6}.Debug|Win32.Build.0 = Debug|Win32
		{BFE833C6-840F-4F2E-A1FA-A4DE9B9277D6}.Debug|x64.ActiveCfg = Debug|x64
		{BFE833C6-840F-4F2E-A1FA-A4DE9B9277D6}.Debug|x64.Build.0 = Debug|x64
		{BFE833C6-840F-4F2E-A1FA-A4DE9B9277D6}.DebugXP|ARM64.ActiveCfg = Release|Win32
		{BFE833C6-840F-4F2E-A1FA-A4DE9B9277D6}.DebugXP|ARM64.Build.0 = Release|Win32
		{BFE833C6-840F-4F2E-A1FA-A4DE9B9277D6}.DebugXP|Win32.ActiveCfg = Debug|Win32
		{BFE833C6-840F-4F2E-A1FA-A4DE9B9277D6}.DebugXP|Win32.Build.0 = Debug|Win32
		{BFE833C6-840F-4F2E-A1FA-A4DE9B9277D6}.DebugXP|x64.ActiveCfg = Debug|x64
		{BFE833C6-840F-4F2E-A1FA-A4DE9B9277D6}.DebugXP|x64.Build.0 = Debug|x64
		{BFE833C6-840F-4F2E-A1FA-A4DE9B9277D6}.EmuDebug|ARM64.ActiveCfg = Release|x64
		{BFE833C6-840F-4F2E-A1FA-A4DE9B9277D6}.EmuDebug|ARM64.Build.0 = Release|x64
		{BFE833C6-840F-4F2E-A1FA-A4DE9B9277D6}.EmuDebug|Win32.ActiveCfg = Release|Win32
		{BFE833C6-840F-4F2E-A1FA-A4DE9B9277D6}.EmuDebug|Win32.Build.0 = Release|Win32
		{BFE833C6-840F-4F2E-A1FA-A4DE9B9277D6}.EmuDebug|x64.ActiveCfg = Debug|x64
		{BFE833C6-840F-4F2E-A1FA-A4DE9B9277D6}.EmuDebug|x64.Build.0 = Debug|x64
		{BFE833C6-840F-4F2E-A1FA-A4DE9B9277D6}.EmuRelease|ARM64.ActiveCfg = Release|x64
		{BFE833C6-840F-4F2E-A1FA-A4DE9B9277D6}.EmuRelease|ARM64.Build.0 = Release|x64
		{BFE833C6-840F-4F2E-A1FA-A4DE9B9277D6}.EmuRelease|Win32.ActiveCfg = Release|Win32
		{BFE833C6-840F-4F2E-A1FA-A4DE9B9277D6}.EmuRelease|Win32.Build.0 = Release|Win32
		{BFE833C6-840F-4F2E-A1FA-A4DE9B9277D6}.EmuRelease|x64.ActiveCfg = Release|x64
		{BFE833C6-840F-4F2E-A1FA-A4DE9B9277D6}.EmuRelease|x64.Build.0 = Release|x64
		{BFE833C6-840F-4F2E-A1FA-A4DE9B9277D6}.Release|ARM64.ActiveCfg = Release|Win32
		{BFE833C6-840F-4F2E-A1FA-A4DE9B9277D6}.Release|Win32.ActiveCfg = Release|Win32
		{BFE833C6-840F-4F2E-A1FA-A4DE9B9277D6}.Release|Win32.Build.0 = Release|Win32
		{BFE833C6-840F-4F2E-A1FA-A4DE9B9277D6}.Release|x64.ActiveCfg = Release|x64
		{BFE833C6-840F-4F2E-A1FA-A4DE9B9277D6}.Release|x64.Build.0 = Release|x64
		{F243B93C-73CB-44E7-9BDC-847BB95C27CA}.Debug|ARM64.ActiveCfg = Debug|Win32
		{F243B93C-73CB-44E7-9BDC-847BB95C27CA}.Debug|Win32.ActiveCfg = Debug|Win32
		{F243B93C-73CB-44E7-9BDC-847BB95C27CA}.Debug|Win32.Build.0 = Debug|Win32
		{F243B93C-73CB-44E7-9BDC-847BB95C27CA}.Debug|x64.ActiveCfg = Debug|x64
		{F243B93C-73CB-44E7-9BDC-847BB95C27CA}.Debug|x64.Build.0 = Debug|x64
		{F243B93C-73CB-44E7-9BDC-847BB95C27CA}.DebugXP|ARM64.ActiveCfg = Release|Win32
		{F243B93C-73CB-44E7-9BDC-847BB95C27CA}.DebugXP|ARM64.Build.0 = Release|Win32
		{F243B93C-73CB-44E7-9BDC-847BB95C27CA}.DebugXP|Win32.ActiveCfg = Debug|Win32
		{F243B93C-73CB-44E7-9BDC-847BB95C27CA}.DebugXP|Win32.Build.0 = Debug|Win32
		{F243B93C-73CB-44E7-9BDC-847BB95C27CA}.DebugXP|x64.ActiveCfg = Debug|x64
		{F243B93C-73CB-44E7-9BDC-847BB95C27CA}.DebugXP|x64.Build.0 = Debug|x64
		{F243B93C-73CB-44E7-9BDC-847BB95C27CA}.EmuDebug|ARM64.ActiveCfg = Release|x64
		{F243B93C-73CB-44E7-9BDC-847BB95C27CA}.EmuDebug|ARM64.Build.0 = Release|x64
		{F243B93C-73CB-44E7-9BDC-847BB95C27CA}.EmuDebug|Win32.ActiveCfg = Release|Win32
		{F243B93C-73CB-44E7-9BDC-847BB95C27CA}.EmuDebug|Win32.Build.0 = Release|Win32
		{F243B93C-73CB-44E7-9BDC-847BB95C27CA}.EmuDebug|x64.ActiveCfg = Debug|x64
		{F243B93C-73CB-44E7-9BDC-847BB95C27CA}.EmuDebug|x64.Build.0 = Debug|x64
		{F243B93C-73CB-44E7-9BDC-847BB95C27CA}.EmuRelease|ARM64.ActiveCfg = Release|x64
		{F243B93C-73CB-44E7-9BDC-847BB95C27CA}.EmuRelease|ARM64.Build.0 = Release|x64
		{F243B93C-73CB-44E7-9BDC-847BB95C27CA}.EmuRelease|Win32.ActiveCfg = Release|Win32
		{F243B93C-73CB-44E7-9BDC-847BB95C27CA}.EmuRelease|Win32.Build.0 = Release|Win32
		{F243B93C-73CB-44E7-9BDC-847BB95C27CA}.EmuRelease|x64.ActiveCfg = Release|x64
		{F243B93C-73CB-44E7-9BDC-847BB95C27CA}.EmuRelease|x64.Build.0 = Release|x64
		{F243B93C-73CB-44E7-9BDC-847BB95C27CA}.Release|ARM64.ActiveCfg = Release|Win32
		{F243B93C-73CB-44E7-9BDC-847BB95C27CA}.Release|Win32.ActiveCfg = Release|Win32
		{F243B93C-73CB-44E7-9BDC-847BB95C27CA}.Release|Win32.Build.0 = Release|Win32
		{F243B93C-73CB-44E7-9BDC-847BB95C27CA}.Release|x64.ActiveCfg = Release|x64
		{F243B93C-73CB-44E7-9BDC-847BB95C27CA}.Release|x64.Build.0 = Release|x64
		{D9AF7F68-B881-45B1-A41C-B10E61D764EF}.Debug|ARM64.ActiveCfg = Debug|Win32
		{D9AF7F68-B881-45B1-A41C-B10E61D764EF}.Debug|Win32.ActiveCfg = Debug|Win32
		{D9AF7F68-B881-45B1-A41C-B10E61D764EF}.Debug|x64.ActiveCfg = Debug|x64
		{D9AF7F68-B881-45B1-A41C-B10E61D764EF}.DebugXP|ARM64.ActiveCfg = Release|Win32
		{D9AF7F68-B881-45B1-A41C-B10E61D764EF}.DebugXP|ARM64.Build.0 = Release|Win32
		{D9AF7F68-B881-45B1-A41C-B10E61D764EF}.DebugXP|Win32.ActiveCfg = Debug|Win32
		{D9AF7F68-B881-45B1-A41C-B10E61D764EF}.DebugXP|Win32.Build.0 = Debug|Win32
		{D9AF7F68-B881-45B1-A41C-B10E61D764EF}.DebugXP|x64.ActiveCfg = Debug|x64
		{D9AF7F68-B881-45B1-A41C-B10E61D764EF}.DebugXP|x64.Build.0 = Debug|x64
		{D9AF7F68-B881-45B1-A41C-B10E61D764EF}.EmuDebug|ARM64.ActiveCfg = Release|x64
		{D9AF7F68-B881-45B1-A41C-B10E61D764EF}.EmuDebug|ARM64.Build.0 = Release|x64
		{D9AF7F68-B881-45B1-A41C-B10E61D764EF}.EmuDebug|Win32.ActiveCfg = Release|Win32
		{D9AF7F68-B881-45B1-A41C-B10E61D764EF}.EmuDebug|Win32.Build.0 = Release|Win32
		{D9AF7F68-B881-45B1-A41C-B10E61D764EF}.EmuDebug|x64.ActiveCfg = Debug|x64
		{D9AF7F68-B881-45B1-A41C-B10E61D764EF}.EmuDebug|x64.Build.0 = Debug|x64
		{D9AF7F68-B881-45B1-A41C-B10E61D764EF}.EmuRelease|ARM64.ActiveCfg = Release|x64
		{D9AF7F68-B881-45B1-A41C-B10E61D764EF}.EmuRelease|ARM64.Build.0 = Release|x64
		{D9AF7F68-B881-45B1-A41C-B10E61D764EF}.EmuRelease|Win32.ActiveCfg = Release|Win32
		{D9AF7F68-B881-45B1-A41C-B10E61D764EF}.EmuRelease|Win32.Build.0 = Release|Win32
		{D9AF7F68-B881-45B1-A41C-B10E61D764EF}.EmuRelease|x64.ActiveCfg = Release|x64
		{D9AF7F68-B881-45B1-A41C-B10E61D764EF}.EmuRelease|x64.Build.0 = Release|x64
		{D9AF7F68-B881-45B1-A41C-B10E61D764EF}.Release|ARM64.ActiveCfg = Release|Win32
		{D9AF7F68-B881-45B1-A41C-B10E61D764EF}.Release|Win32.ActiveCfg = Release|Win32
		{D9AF7F68-B881-45B1-A41C-B10E61D764EF}.Release|x64.ActiveCfg = Release|x64
		{A4145505-5C0E-4675-BF6D-FC3F9119FD83}.Debug|ARM64.ActiveCfg = Debug|Win32
		{A4145505-5C0E-4675-BF6D-FC3F9119FD83}.Debug|Win32.ActiveCfg = Debug|Win32
		{A4145505-5C0E-4675-BF6D-FC3F9119FD83}.Debug|Win32.Build.0 = Debug|Win32
		{A4145505-5C0E-4675-BF6D-FC3F9119FD83}.Debug|x64.ActiveCfg = Debug|x64
		{A4145505-5C0E-4675-BF6D-FC3F9119FD83}.Debug|x64.Build.0 = Debug|x64
		{A4145505-5C0E-4675-BF6D-FC3F9119FD83}.DebugXP|ARM64.ActiveCfg = Release|Win32
		{A4145505-5C0E-4675-BF6D-FC3F9119FD83}.DebugXP|ARM64.Build.0 = Release|Win32
		{A4145505-5C0E-4675-BF6D-FC3F9119FD83}.DebugXP|Win32.ActiveCfg = Debug|Win32
		{A4145505-5C0E-4675-BF6D-FC3F9119FD83}.DebugXP|Win32.Build.0 = Debug|Win32
		{A4145505-5C0E-4675-BF6D-FC3F9119FD83}.DebugXP|x64.ActiveCfg = Debug|x64
		{A4145505-5C0E-4675-BF6D-FC3F9119FD83}.DebugXP|x64.Build.0 = Debug|x64
		{A4145505-5C0E-4675-BF6D-FC3F9119FD83}.EmuDebug|ARM64.ActiveCfg = Release|x64
		{A4145505-5C0E-4675-BF6D-FC3F9119FD83}.EmuDebug|ARM64.Build.0 = Release|x64
		{A4145505-5C0E-4675-BF6D-FC3F9119FD83}.EmuDebug|Win32.ActiveCfg = Release|Win32
		{A4145505-5C0E-4675-BF6D-FC3F9119FD83}.EmuDebug|Win32.Build.0 = Release|Win32
		{A4145505-5C0E-4675-BF6D-FC3F9119FD83}.EmuDebug|x64.ActiveCfg = Debug|x64
		{A4145505-5C0E-4675-BF6D-FC3F9119FD83}.EmuDebug|x64.Build.0 = Debug|x64
		{A4145505-5C0E-4675-BF6D-FC3F9119FD83}.EmuRelease|ARM64.ActiveCfg = Release|x64
		{A4145505-5C0E-4675-BF6D-FC3F9119FD83}.EmuRelease|ARM64.Build.0 = Release|x64
		{A4145505-5C0E-4675-BF6D-FC3F9119FD83}.EmuRelease|Win32.ActiveCfg = Release|Win32
		{A4145505-5C0E-4675-BF6D-FC3F9119FD83}.EmuRelease|Win32.Build.0 = Release|Win32
		{A4145505-5C0E-4675-BF6D-FC3F9119FD83}.EmuRelease|x64.ActiveCfg = Release|x64
		{A4145505-5C0E-4675-BF6D-FC3F9119FD83}.EmuRelease|x64.Build.0 = Release|x64
		{A4145505-5C0E-4675-BF6D-FC3F9119FD83}.Release|ARM64.ActiveCfg = Release|Win32
		{A4145505-5C0E-4675-BF6D-FC3F9119FD83}.Release|Win32.ActiveCfg = Release|Win32
		{A4145505-5C0E-4675-BF6D-FC3F9119FD83}.Release|Win32.Build.0 = Release|Win32
		{A4145505-5C0E-4675-BF6D-FC3F9119FD83}.Release|x64.ActiveCfg = Release|x64
		{A4145505-5C0E-4675-BF6D-FC3F9119FD83}.Release|x64.Build.0 = Release|x64
		{C0A2DEEE-2EC5-4F67-8048-53264B6BD14D}.Debug|ARM64.ActiveCfg = Debug|Win32
		{C0A2DEEE-2EC5-4F67-8048-53264B6BD14D}.Debug|Win32.ActiveCfg = Debug|Win32
		{C0A2DEEE-2EC5-4F67-8048-53264B6BD14D}.Debug|Win32.Build.0 = Debug|Win32
		{C0A2DEEE-2EC5-4F67-8048-53264B6BD14D}.Debug|x64.ActiveCfg = Debug|x64
		{C0A2DEEE-2EC5-4F67-8048-53264B6BD14D}.Debug|x64.Build.0 = Debug|x64
		{C0A2DEEE-2EC5-4F67-8048-53264B6BD14D}.DebugXP|ARM64.ActiveCfg = Release|Win32
		{C0A2DEEE-2EC5-4F67-8048-53264B6BD14D}.DebugXP|ARM64.Build.0 = Release|Win32
		{C0A2DEEE-2EC5-4F67-8048-53264B6BD14D}.DebugXP|Win32.ActiveCfg = Debug|Win32
		{C0A2DEEE-2EC5-4F67-8048-53264B6BD14D}.DebugXP|Win32.Build.0 = Debug|Win32
		{C0A2DEEE-2EC5-4F67-8048-53264B6BD14D}.DebugXP|x64.ActiveCfg = Debug|x64
		{C0A2DEEE-2EC5-4F67-8048-53264B6BD14D}.DebugXP|x64.Build.0 = Debug|x64
		{C0A2DEEE-2EC5-4F67-8048-53264B6BD14D}.EmuDebug|ARM64.ActiveCfg = Release|x64
		{C0A2DEEE-2EC5-4F67-8048-53264B6BD14D}.EmuDebug|ARM64.Build.0 = Release|x64
		{C0A2DEEE-2EC5-4F67-8048-53264B6BD14D}.EmuDebug|Win32.ActiveCfg = Release|Win32
		{C0A2DEEE-2EC5-4F67-8048-53264B6BD14D}.EmuDebug|Win32.Build.0 = Release|Win32
		{C0A2DEEE-2EC5-4F67-8048-53264B6BD14D}.EmuDebug|x64.ActiveCfg = Debug|x64
		{C0A2DEEE-2EC5-4F67-8048-53264B6BD14D}.EmuDebug|x64.Build.0 = Debug|x64
		{C0A2DEEE-2EC5-4F67-8048-53264B6BD14D}.EmuRelease|ARM64.ActiveCfg = Release|x64
		{C0A2DEEE-2EC5-4F67-8048-53264B6BD14D}.EmuRelease|ARM64.Build.0 = Release|x64
		{C0A2DEEE-2EC5-4F67-8048-53264B6BD14D}.EmuRelease|Win32.ActiveCfg = Release|Win32
		{C0A2DEEE-2EC5-4F67-8048-53264B6BD14D}.EmuRelease|Win32.Build.0 = Release|Win32
		{C0A2DEEE-2EC5-4F67-8048-53264B6BD14D}.EmuRelease|x64.ActiveCfg = Release|x64
		{C0A2DEEE-2EC5-4F67-8048-53264B6BD14D}.EmuRelease|x64.Build.0 = Release|x64
		{C0A2DEEE-2EC5-4F67-8048-53264B6BD14D}.Release|ARM64.ActiveCfg = Release|Win32
		{C0A2DEEE-2EC5-4F67-8048-53264B6BD14D}.Release|Win32.ActiveCfg = Release|Win32
		{C0A2DEEE-2EC5-4F67-8048-53264B6BD14D}.Release|Win32.Build.0 = Release|Win32
		{C0A2DEEE-2EC5-4F67-8048-53264B6BD14D}.Release|x64.ActiveCfg = Release|x64
		{C0A2DEEE-2EC5-4F67-8048-53264B6BD14D}.Release|x64.Build.0 = Release|x64
		{753E897D-9ECE-42B1-9F0D-CD566775C77E}.Debug|ARM64.ActiveCfg = Debug|Win32
		{753E897D-9ECE-42B1-9F0D-CD566775C77E}.Debug|Win32.ActiveCfg = Debug|Win32
		{753E897D-9ECE-42B1-9F0D-CD566775C77E}.Debug|Win32.Build.0 = Debug|Win32
		{753E897D-9ECE-42B1-9F0D-CD566775C77E}.Debug|x64.ActiveCfg = Debug|x64
		{753E897D-9ECE-42B1-9F0D-CD566775C77E}.Debug|x64.Build.0 = Debug|x64
		{753E897D-9ECE-42B1-9F0D-CD566775C77E}.DebugXP|ARM64.ActiveCfg = Release|Win32
		{753E897D-9ECE-42B1-9F0D-CD566775C77E}.DebugXP|ARM64.Build.0 = Release|Win32
		{753E897D-9ECE-42B1-9F0D-CD566775C77E}.DebugXP|Win32.ActiveCfg = Debug|Win32
		{753E897D-9ECE-42B1-9F0D-CD566775C77E}.DebugXP|Win32.Build.0 = Debug|Win32
		{753E897D-9ECE-42B1-9F0D-CD566775C77E}.DebugXP|x64.ActiveCfg = Debug|x64
		{753E897D-9ECE-42B1-9F0D-CD566775C77E}.DebugXP|x64.Build.0 = Debug|x64
		{753E897D-9ECE-42B1-9F0D-CD566775C77E}.EmuDebug|ARM64.ActiveCfg = Release|x64
		{753E897D-9ECE-42B1-9F0D-CD566775C77E}.EmuDebug|ARM64.Build.0 = Release|x64
		{753E897D-9ECE-42B1-9F0D-CD566775C77E}.EmuDebug|Win32.ActiveCfg = Release|Win32
		{753E897D-9ECE-42B1-9F0D-CD566775C77E}.EmuDebug|Win32.Build.0 = Release|Win32
		{753E897D-9ECE-42B1-9F0D-CD566775C77E}.EmuDebug|x64.ActiveCfg = Debug|Win32
		{753E897D-9ECE-42B1-9F0D-CD566775C77E}.EmuRelease|ARM64.ActiveCfg = Release|x64
		{753E897D-9ECE-42B1-9F0D-CD566775C77E}.EmuRelease|ARM64.Build.0 = Release|x64
		{753E897D-9ECE-42B1-9F0D-CD566775C77E}.EmuRelease|Win32.ActiveCfg = Release|Win32
		{753E897D-9ECE-42B1-9F0D-CD566775C77E}.EmuRelease|Win32.Build.0 = Release|Win32
		{753E897D-9ECE-42B1-9F0D-CD566775C77E}.EmuRelease|x64.ActiveCfg = Release|Win32
		{753E897D-9ECE-42B1-9F0D-CD566775C77E}.Release|ARM64.ActiveCfg = Release|Win32
		{753E897D-9ECE-42B1-9F0D-CD566775C77E}.Release|Win32.ActiveCfg = Release|Win32
		{753E897D-9ECE-42B1-9F0D-CD566775C77E}.Release|Win32.Build.0 = Release|Win32
		{753E897D-9ECE-42B1-9F0D-CD566775C77E}.Release|x64.ActiveCfg = Release|x64
		{753E897D-9ECE-42B1-9F0D-CD566775C77E}.Release|x64.Build.0 = Release|x64
		{92253F20-4CD6-494E-8DEF-F5B4555B61CD}.Debug|ARM64.ActiveCfg = Debug|Win32
		{92253F20-4CD6-494E-8DEF-F5B4555B61CD}.Debug|Win32.ActiveCfg = Debug|Win32
		{92253F20-4CD6-494E-8DEF-F5B4555B61CD}.Debug|x64.ActiveCfg = Debug|x64
		{92253F20-4CD6-494E-8DEF-F5B4555B61CD}.DebugXP|ARM64.ActiveCfg = Release|Win32
		{92253F20-4CD6-494E-8DEF-F5B4555B61CD}.DebugXP|ARM64.Build.0 = Release|Win32
		{92253F20-4CD6-494E-8DEF-F5B4555B61CD}.DebugXP|Win32.ActiveCfg = Debug|Win32
		{92253F20-4CD6-494E-8DEF-F5B4555B61CD}.DebugXP|Win32.Build.0 = Debug|Win32
		{92253F20-4CD6-494E-8DEF-F5B4555B61CD}.DebugXP|x64.ActiveCfg = Debug|x64
		{92253F20-4CD6-494E-8DEF-F5B4555B61CD}.DebugXP|x64.Build.0 = Debug|x64
		{92253F20-4CD6-494E-8DEF-F5B4555B61CD}.EmuDebug|ARM64.ActiveCfg = Release|x64
		{92253F20-4CD6-494E-8DEF-F5B4555B61CD}.EmuDebug|ARM64.Build.0 = Release|x64
		{92253F20-4CD6-494E-8DEF-F5B4555B61CD}.EmuDebug|Win32.ActiveCfg = Release|Win32
		{92253F20-4CD6-494E-8DEF-F5B4555B61CD}.EmuDebug|x64.ActiveCfg = Debug|x64
		{92253F20-4CD6-494E-8DEF-F5B4555B61CD}.EmuRelease|ARM64.ActiveCfg = Release|x64
		{92253F20-4CD6-494E-8DEF-F5B4555B61CD}.EmuRelease|ARM64.Build.0 = Release|x64
		{92253F20-4CD6-494E-8DEF-F5B4555B61CD}.EmuRelease|Win32.ActiveCfg = Release|Win32
		{92253F20-4CD6-494E-8DEF-F5B4555B61CD}.EmuRelease|x64.ActiveCfg = Release|x64
		{92253F20-4CD6-494E-8DEF-F5B4555B61CD}.Release|ARM64.ActiveCfg = Release|Win32
		{92253F20-4CD6-494E-8DEF-F5B4555B61CD}.Release|Win32.ActiveCfg = Release|Win32
		{92253F20-4CD6-494E-8DEF-F5B4555B61CD}.Release|x64.ActiveCfg = Release|x64
		{0DCD2FE4-0604-4307-ABAA-C61F0065D717}.Debug|ARM64.ActiveCfg = Debug|Win32
		{0DCD2FE4-0604-4307-ABAA-C61F0065D717}.Debug|Win32.ActiveCfg = Debug|Win32
		{0DCD2FE4-0604-4307-ABAA-C61F0065D717}.Debug|x64.ActiveCfg = Debug|x64
		{0DCD2FE4-0604-4307-ABAA-C61F0065D717}.DebugXP|ARM64.ActiveCfg = Release|Win32
		{0DCD2FE4-0604-4307-ABAA-C61F0065D717}.DebugXP|ARM64.Build.0 = Release|Win32
		{0DCD2FE4-0604-4307-ABAA-C61F0065D717}.DebugXP|Win32.ActiveCfg = Debug|Win32
		{0DCD2FE4-0604-4307-ABAA-C61F0065D717}.DebugXP|Win32.Build.0 = Debug|Win32
		{0DCD2FE4-0604-4307-ABAA-C61F0065D717}.DebugXP|x64.ActiveCfg = Debug|x64
		{0DCD2FE4-0604-4307-ABAA-C61F0065D717}.DebugXP|x64.Build.0 = Debug|x64
		{0DCD2FE4-0604-4307-ABAA-C61F0065D717}.EmuDebug|ARM64.ActiveCfg = Release|x64
		{0DCD2FE4-0604-4307-ABAA-C61F0065D717}.EmuDebug|ARM64.Build.0 = Release|x64
		{0DCD2FE4-0604-4307-ABAA-C61F0065D717}.EmuDebug|Win32.ActiveCfg = Release|Win32
		{0DCD2FE4-0604-4307-ABAA-C61F0065D717}.EmuDebug|x64.ActiveCfg = Debug|x64
		{0DCD2FE4-0604-4307-ABAA-C61F0065D717}.EmuRelease|ARM64.ActiveCfg = Release|x64
		{0DCD2FE4-0604-4307-ABAA-C61F0065D717}.EmuRelease|ARM64.Build.0 = Release|x64
		{0DCD2FE4-0604-4307-ABAA-C61F0065D717}.EmuRelease|Win32.ActiveCfg = Release|Win32
		{0DCD2FE4-0604-4307-ABAA-C61F0065D717}.EmuRelease|x64.ActiveCfg = Release|x64
		{0DCD2FE4-0604-4307-ABAA-C61F0065D717}.Release|ARM64.ActiveCfg = Release|Win32
		{0DCD2FE4-0604-4307-ABAA-C61F0065D717}.Release|Win32.ActiveCfg = Release|Win32
		{0DCD2FE4-0604-4307-ABAA-C61F0065D717}.Release|x64.ActiveCfg = Release|x64
		{B275C525-5EF4-40BA-A70A-4E01A76A0CDD}.Debug|ARM64.ActiveCfg = Debug|Win32
		{B275C525-5EF4-40BA-A70A-4E01A76A0CDD}.Debug|Win32.ActiveCfg = Debug|Win32
		{B275C525-5EF4-40BA-A70A-4E01A76A0CDD}.Debug|Win32.Build.0 = Debug|Win32
		{B275C525-5EF4-40BA-A70A-4E01A76A0CDD}.Debug|x64.ActiveCfg = Debug|x64
		{B275C525-5EF4-40BA-A70A-4E01A76A0CDD}.Debug|x64.Build.0 = Debug|x64
		{B275C525-5EF4-40BA-A70A-4E01A76A0CDD}.DebugXP|ARM64.ActiveCfg = Release|Win32
		{B275C525-5EF4-40BA-A70A-4E01A76A0CDD}.DebugXP|ARM64.Build.0 = Release|Win32
		{B275C525-5EF4-40BA-A70A-4E01A76A0CDD}.DebugXP|Win32.ActiveCfg = Debug|Win32
		{B275C525-5EF4-40BA-A70A-4E01A76A0CDD}.DebugXP|Win32.Build.0 = Debug|Win32
		{B275C525-5EF4-40BA-A70A-4E01A76A0CDD}.DebugXP|x64.ActiveCfg = Debug|x64
		{B275C525-5EF4-40BA-A70A-4E01A76A0CDD}.DebugXP|x64.Build.0 = Debug|x64
		{B275C525-5EF4-40BA-A70A-4E01A76A0CDD}.EmuDebug|ARM64.ActiveCfg = Release|x64
		{B275C525-5EF4-40BA-A70A-4E01A76A0CDD}.EmuDebug|ARM64.Build.0 = Release|x64
		{B275C525-5EF4-40BA-A70A-4E01A76A0CDD}.EmuDebug|Win32.ActiveCfg = Debug|Win32
		{B275C525-5EF4-40BA-A70A-4E01A76A0CDD}.EmuDebug|Win32.Build.0 = Debug|Win32
		{B275C525-5EF4-40BA-A70A-4E01A76A0CDD}.EmuDebug|x64.ActiveCfg = Debug|x64
		{B275C525-5EF4-40BA-A70A-4E01A76A0CDD}.EmuDebug|x64.Build.0 = Debug|x64
		{B275C525-5EF4-40BA-A70A-4E01A76A0CDD}.EmuRelease|ARM64.ActiveCfg = Release|x64
		{B275C525-5EF4-40BA-A70A-4E01A76A0CDD}.EmuRelease|ARM64.Build.0 = Release|x64
		{B275C525-5EF4-40BA-A70A-4E01A76A0CDD}.EmuRelease|Win32.ActiveCfg = Release|Win32
		{B275C525-5EF4-40BA-A70A-4E01A76A0CDD}.EmuRelease|Win32.Build.0 = Release|Win32
		{B275C525-5EF4-40BA-A70A-4E01A76A0CDD}.EmuRelease|x64.ActiveCfg = Release|x64
		{B275C525-5EF4-40BA-A70A-4E01A76A0CDD}.EmuRelease|x64.Build.0 = Release|x64
		{B275C525-5EF4-40BA-A70A-4E01A76A0CDD}.Release|ARM64.ActiveCfg = Release|Win32
		{B275C525-5EF4-40BA-A70A-4E01A76A0CDD}.Release|Win32.ActiveCfg = Release|Win32
		{B275C525-5EF4-40BA-A70A-4E01A76A0CDD}.Release|Win32.Build.0 = Release|Win32
		{B275C525-5EF4-40BA-A70A-4E01A76A0CDD}.Release|x64.ActiveCfg = Release|x64
		{B275C525-5EF4-40BA-A70A-4E01A76A0CDD}.Release|x64.Build.0 = Release|x64
		{25662612-421F-42F5-B5E1-D69ECBF3F5BB}.Debug|ARM64.ActiveCfg = Debug|Win32
		{25662612-421F-42F5-B5E1-D69ECBF3F5BB}.Debug|Win32.ActiveCfg = Debug|Win32
		{25662612-421F-42F5-B5E1-D69ECBF3F5BB}.Debug|Win32.Build.0 = Debug|Win32
		{25662612-421F-42F5-B5E1-D69ECBF3F5BB}.Debug|x64.ActiveCfg = Debug|x64
		{25662612-421F-42F5-B5E1-D69ECBF3F5BB}.Debug|x64.Build.0 = Debug|x64
		{25662612-421F-42F5-B5E1-D69ECBF3F5BB}.DebugXP|ARM64.ActiveCfg = Release|Win32
		{25662612-421F-42F5-B5E1-D69ECBF3F5BB}.DebugXP|ARM64.Build.0 = Release|Win32
		{25662612-421F-42F5-B5E1-D69ECBF3F5BB}.DebugXP|Win32.ActiveCfg = Debug|Win32
		{25662612-421F-42F5-B5E1-D69ECBF3F5BB}.DebugXP|Win32.Build.0 = Debug|Win32
		{25662612-421F-42F5-B5E1-D69ECBF3F5BB}.DebugXP|x64.ActiveCfg = Debug|x64
		{25662612-421F-42F5-B5E1-D69ECBF3F5BB}.DebugXP|x64.Build.0 = Debug|x64
		{25662612-421F-42F5-B5E1-D69ECBF3F5BB}.EmuDebug|ARM64.ActiveCfg = Release|x64
		{25662612-421F-42F5-B5E1-D69ECBF3F5BB}.EmuDebug|ARM64.Build.0 = Release|x64
		{25662612-421F-42F5-B5E1-D69ECBF3F5BB}.EmuDebug|Win32.ActiveCfg = Debug|Win32
		{25662612-421F-42F5-B5E1-D69ECBF3F5BB}.EmuDebug|Win32.Build.0 = Debug|Win32
		{25662612-421F-42F5-B5E1-D69ECBF3F5BB}.EmuDebug|x64.ActiveCfg = Debug|x64
		{25662612-421F-42F5-B5E1-D69ECBF3F5BB}.EmuDebug|x64.Build.0 = Debug|x64
		{25662612-421F-42F5-B5E1-D69ECBF3F5BB}.EmuRelease|ARM64.ActiveCfg = Release|x64
		{25662612-421F-42F5-B5E1-D69ECBF3F5BB}.EmuRelease|ARM64.Build.0 = Release|x64
		{25662612-421F-42F5-B5E1-D69ECBF3F5BB}.EmuRelease|Win32.ActiveCfg = Release|Win32
		{25662612-421F-42F5-B5E1-D69ECBF3F5BB}.EmuRelease|Win32.Build.0 = Release|Win32
		{25662612-421F-42F5-B5E1-D69ECBF3F5BB}.EmuRelease|x64.ActiveCfg = Release|x64
		{25662612-421F-42F5-B5E1-D69ECBF3F5BB}.EmuRelease|x64.Build.0 = Release|x64
		{25662612-421F-42F5-B5E1-D69ECBF3F5BB}.Release|ARM64.ActiveCfg = Release|Win32
		{25662612-421F-42F5-B5E1-D69ECBF3F5BB}.Release|Win32.ActiveCfg = Release|Win32
		{25662612-421F-42F5-B5E1-D69ECBF3F5BB}.Release|Win32.Build.0 = Release|Win32
		{25662612-421F-42F5-B5E1-D69ECBF3F5BB}.Release|x64.ActiveCfg = Release|x64
		{25662612-421F-42F5-B5E1-D69ECBF3F5BB}.Release|x64.Build.0 = Release|x64
		{D3E5B5B5-4FB1-4877-9B2C-6708B3D568F7}.Debug|ARM64.ActiveCfg = Debug|ARM64
		{D3E5B5B5-4FB1-4877-9B2C-6708B3D568F7}.Debug|ARM64.Build.0 = Debug|ARM64
		{D3E5B5B5-4FB1-4877-9B2C-6708B3D568F7}.Debug|Win32.ActiveCfg = Debug|x64
		{D3E5B5B5-4FB1-4877-9B2C-6708B3D568F7}.Debug|x64.ActiveCfg = Debug|x64
		{D3E5B5B5-4FB1-4877-9B2C-6708B3D568F7}.Debug|x64.Build.0 = Debug|x64
		{D3E5B5B5-4FB1-4877-9B2C-6708B3D568F7}.DebugXP|ARM64.ActiveCfg = Debug|ARM64
		{D3E5B5B5-4FB1-4877-9B2C-6708B3D568F7}.DebugXP|ARM64.Build.0 = Debug|ARM64
		{D3E5B5B5-4FB1-4877-9B2C-6708B3D568F7}.DebugXP|Win32.ActiveCfg = Debug|WIN32
		{D3E5B5B5-4FB1-4877-9B2C-6708B3D568F7}.DebugXP|Win32.Build.0 = Debug|WIN32
		{D3E5B5B5-4FB1-4877-9B2C-6708B3D568F7}.DebugXP|x64.ActiveCfg = Debug|x64
		{D3E5B5B5-4FB1-4877-9B2C-6708B3D568F7}.DebugXP|x64.Build.0 = Debug|x64
		{D3E5B5B5-4FB1-4877-9B2C-6708B3D568F7}.EmuDebug|ARM64.ActiveCfg = Debug|ARM64
		{D3E5B5B5-4FB1-4877-9B2C-6708B3D568F7}.EmuDebug|ARM64.Build.0 = Debug|ARM64
		{D3E5B5B5-4FB1-4877-9B2C-6708B3D568F7}.EmuDebug|Win32.ActiveCfg = Debug|ARM64
		{D3E5B5B5-4FB1-4877-9B2C-6708B3D568F7}.EmuDebug|Win32.Build.0 = Debug|ARM64
		{D3E5B5B5-4FB1-4877-9B2C-6708B3D568F7}.EmuDebug|x64.ActiveCfg = Debug|x64
		{D3E5B5B5-4FB1-4877-9B2C-6708B3D568F7}.EmuDebug|x64.Build.0 = Debug|x64
		{D3E5B5B5-4FB1-4877-9B2C-6708B3D568F7}.EmuRelease|ARM64.ActiveCfg = Release|ARM64
		{D3E5B5B5-4FB1-4877-9B2C-6708B3D568F7}.EmuRelease|ARM64.Build.0 = Release|ARM64
		{D3E5B5B5-4FB1-4877-9B2C-6708B3D568F7}.EmuRelease|Win32.ActiveCfg = Debug|ARM64
		{D3E5B5B5-4FB1-4877-9B2C-6708B3D568F7}.EmuRelease|Win32.Build.0 = Debug|ARM64
		{D3E5B5B5-4FB1-4877-9B2C-6708B3D568F7}.EmuRelease|x64.ActiveCfg = Release|x64
		{D3E5B5B5-4FB1-4877-9B2C-6708B3D568F7}.EmuRelease|x64.Build.0 = Release|x64
		{D3E5B5B5-4FB1-4877-9B2C-6708B3D568F7}.Release|ARM64.ActiveCfg = Release|ARM64
		{D3E5B5B5-4FB1-4877-9B2C-6708B3D568F7}.Release|ARM64.Build.0 = Release|ARM64
		{D3E5B5B5-4FB1-4877-9B2C-6708B3D568F7}.Release|Win32.ActiveCfg = Release|x64
		{D3E5B5B5-4FB1-4877-9B2C-6708B3D568F7}.Release|x64.ActiveCfg = Release|x64
		{D3E5B5B5-4FB1-4877-9B2C-6708B3D568F7}.Release|x64.Build.0 = Release|x64
		{A2D2B4B1-D6EA-4703-9FA3-7CAE50A04825}.Debug|ARM64.ActiveCfg = Debug|ARM64
		{A2D2B4B1-D6EA-4703-9FA3-7CAE50A04825}.Debug|ARM64.Build.0 = Debug|ARM64
		{A2D2B4B1-D6EA-4703-9FA3-7CAE50A04825}.Debug|Win32.ActiveCfg = Debug|x64
		{A2D2B4B1-D6EA-4703-9FA3-7CAE50A04825}.Debug|x64.ActiveCfg = Debug|x64
		{A2D2B4B1-D6EA-4703-9FA3-7CAE50A04825}.Debug|x64.Build.0 = Debug|x64
		{A2D2B4B1-D6EA-4703-9FA3-7CAE50A04825}.DebugXP|ARM64.ActiveCfg = DebugXP|x64
		{A2D2B4B1-D6EA-4703-9FA3-7CAE50A04825}.DebugXP|Win32.ActiveCfg = DebugXP|x64
		{A2D2B4B1-D6EA-4703-9FA3-7CAE50A04825}.DebugXP|x64.ActiveCfg = DebugXP|x64
		{A2D2B4B1-D6EA-4703-9FA3-7CAE50A04825}.DebugXP|x64.Build.0 = DebugXP|x64
		{A2D2B4B1-D6EA-4703-9FA3-7CAE50A04825}.EmuDebug|ARM64.ActiveCfg = Debug|ARM64
		{A2D2B4B1-D6EA-4703-9FA3-7CAE50A04825}.EmuDebug|ARM64.Build.0 = Debug|ARM64
		{A2D2B4B1-D6EA-4703-9FA3-7CAE50A04825}.EmuDebug|Win32.ActiveCfg = Release|x64
		{A2D2B4B1-D6EA-4703-9FA3-7CAE50A04825}.EmuDebug|Win32.Build.0 = Release|x64
		{A2D2B4B1-D6EA-4703-9FA3-7CAE50A04825}.EmuDebug|x64.ActiveCfg = Debug|x64
		{A2D2B4B1-D6EA-4703-9FA3-7CAE50A04825}.EmuDebug|x64.Build.0 = Debug|x64
		{A2D2B4B1-D6EA-4703-9FA3-7CAE50A04825}.EmuRelease|ARM64.ActiveCfg = Release|ARM64
		{A2D2B4B1-D6EA-4703-9FA3-7CAE50A04825}.EmuRelease|ARM64.Build.0 = Release|ARM64
		{A2D2B4B1-D6EA-4703-9FA3-7CAE50A04825}.EmuRelease|Win32.ActiveCfg = Release|x64
		{A2D2B4B1-D6EA-4703-9FA3-7CAE50A04825}.EmuRelease|Win32.Build.0 = Release|x64
		{A2D2B4B1-D6EA-4703-9FA3-7CAE50A04825}.EmuRelease|x64.ActiveCfg = Release|x64
		{A2D2B4B1-D6EA-4703-9FA3-7CAE50A04825}.EmuRelease|x64.Build.0 = Release|x64
		{A2D2B4B1-D6EA-4703-9FA3-7CAE50A04825}.Release|ARM64.ActiveCfg = Release|ARM64
		{A2D2B4B1-D6EA-4703-9FA3-7CAE50A04825}.Release|ARM64.Build.0 = Release|ARM64
		{A2D2B4B1-D6EA-4703-9FA3-7CAE50A04825}.Release|Win32.ActiveCfg = Release|x64
		{A2D2B4B1-D6EA-4703-9FA3-7CAE50A04825}.Release|x64.ActiveCfg = Release|x64
		{A2D2B4B1-D6EA-4703-9FA3-7CAE50A04825}.Release|x64.Build.0 = Release|x64
		{FC71AF9A-0DBF-4665-9878-E9119167B90D}.Debug|ARM64.ActiveCfg = Debug|Win32
		{FC71AF9A-0DBF-4665-9878-E9119167B90D}.Debug|Win32.ActiveCfg = Debug|Win32
		{FC71AF9A-0DBF-4665-9878-E9119167B90D}.Debug|Win32.Build.0 = Debug|Win32
		{FC71AF9A-0DBF-4665-9878-E9119167B90D}.Debug|x64.ActiveCfg = Debug|x64
		{FC71AF9A-0DBF-4665-9878-E9119167B90D}.Debug|x64.Build.0 = Debug|x64
		{FC71AF9A-0DBF-4665-9878-E9119167B90D}.DebugXP|ARM64.ActiveCfg = Release|x64
		{FC71AF9A-0DBF-4665-9878-E9119167B90D}.DebugXP|ARM64.Build.0 = Release|x64
		{FC71AF9A-0DBF-4665-9878-E9119167B90D}.DebugXP|Win32.ActiveCfg = Debug|Win32
		{FC71AF9A-0DBF-4665-9878-E9119167B90D}.DebugXP|Win32.Build.0 = Debug|Win32
		{FC71AF9A-0DBF-4665-9878-E9119167B90D}.DebugXP|x64.ActiveCfg = Debug|x64
		{FC71AF9A-0DBF-4665-9878-E9119167B90D}.DebugXP|x64.Build.0 = Debug|x64
		{FC71AF9A-0DBF-4665-9878-E9119167B90D}.EmuDebug|ARM64.ActiveCfg = Release|x64
		{FC71AF9A-0DBF-4665-9878-E9119167B90D}.EmuDebug|ARM64.Build.0 = Release|x64
		{FC71AF9A-0DBF-4665-9878-E9119167B90D}.EmuDebug|Win32.ActiveCfg = Debug|Win32
		{FC71AF9A-0DBF-4665-9878-E9119167B90D}.EmuDebug|Win32.Build.0 = Debug|Win32
		{FC71AF9A-0DBF-4665-9878-E9119167B90D}.EmuDebug|x64.ActiveCfg = Debug|x64
		{FC71AF9A-0DBF-4665-9878-E9119167B90D}.EmuDebug|x64.Build.0 = Debug|x64
		{FC71AF9A-0DBF-4665-9878-E9119167B90D}.EmuRelease|ARM64.ActiveCfg = Release|x64
		{FC71AF9A-0DBF-4665-9878-E9119167B90D}.EmuRelease|ARM64.Build.0 = Release|x64
		{FC71AF9A-0DBF-4665-9878-E9119167B90D}.EmuRelease|Win32.ActiveCfg = Release|Win32
		{FC71AF9A-0DBF-4665-9878-E9119167B90D}.EmuRelease|Win32.Build.0 = Release|Win32
		{FC71AF9A-0DBF-4665-9878-E9119167B90D}.EmuRelease|x64.ActiveCfg = Release|x64
		{FC71AF9A-0DBF-4665-9878-E9119167B90D}.EmuRelease|x64.Build.0 = Release|x64
		{FC71AF9A-0DBF-4665-9878-E9119167B90D}.Release|ARM64.ActiveCfg = Release|Win32
		{FC71AF9A-0DBF-4665-9878-E9119167B90D}.Release|Win32.ActiveCfg = Release|Win32
		{FC71AF9A-0DBF-4665-9878-E9119167B90D}.Release|Win32.Build.0 = Release|Win32
		{FC71AF9A-0DBF-4665-9878-E9119167B90D}.Release|x64.ActiveCfg = Release|x64
		{FC71AF9A-0DBF-4665-9878-E9119167B90D}.Release|x64.Build.0 = Release|x64
		{85D006CD-D448-447F-8FB0-F5EA0218DED1}.Debug|ARM64.ActiveCfg = Debug|Win32
		{85D006CD-D448-447F-8FB0-F5EA0218DED1}.Debug|Win32.ActiveCfg = Debug|Win32
		{85D006CD-D448-447F-8FB0-F5EA0218DED1}.Debug|Win32.Build.0 = Debug|Win32
		{85D006CD-D448-447F-8FB0-F5EA0218DED1}.Debug|x64.ActiveCfg = Debug|x64
		{85D006CD-D448-447F-8FB0-F5EA0218DED1}.Debug|x64.Build.0 = Debug|x64
		{85D006CD-D448-447F-8FB0-F5EA0218DED1}.DebugXP|ARM64.ActiveCfg = Release|Win32
		{85D006CD-D448-447F-8FB0-F5EA0218DED1}.DebugXP|ARM64.Build.0 = Release|Win32
		{85D006CD-D448-447F-8FB0-F5EA0218DED1}.DebugXP|Win32.ActiveCfg = Debug|Win32
		{85D006CD-D448-447F-8FB0-F5EA0218DED1}.DebugXP|Win32.Build.0 = Debug|Win32
		{85D006CD-D448-447F-8FB0-F5EA0218DED1}.DebugXP|x64.ActiveCfg = Debug|x64
		{85D006CD-D448-447F-8FB0-F5EA0218DED1}.DebugXP|x64.Build.0 = Debug|x64
		{85D006CD-D448-447F-8FB0-F5EA0218DED1}.EmuDebug|ARM64.ActiveCfg = Release|Win32
		{85D006CD-D448-447F-8FB0-F5EA0218DED1}.EmuDebug|ARM64.Build.0 = Release|Win32
		{85D006CD-D448-447F-8FB0-F5EA0218DED1}.EmuDebug|Win32.ActiveCfg = Debug|Win32
		{85D006CD-D448-447F-8FB0-F5EA0218DED1}.EmuDebug|Win32.Build.0 = Debug|Win32
		{85D006CD-D448-447F-8FB0-F5EA0218DED1}.EmuDebug|x64.ActiveCfg = Debug|x64
		{85D006CD-D448-447F-8FB0-F5EA0218DED1}.EmuDebug|x64.Build.0 = Debug|x64
		{85D006CD-D448-447F-8FB0-F5EA0218DED1}.EmuRelease|ARM64.ActiveCfg = Release|Win32
		{85D006CD-D448-447F-8FB0-F5EA0218DED1}.EmuRelease|ARM64.Build.0 = Release|Win32
		{85D006CD-D448-447F-8FB0-F5EA0218DED1}.EmuRelease|Win32.ActiveCfg = Release|Win32
		{85D006CD-D448-447F-8FB0-F5EA0218DED1}.EmuRelease|Win32.Build.0 = Release|Win32
		{85D006CD-D448-447F-8FB0-F5EA0218DED1}.EmuRelease|x64.ActiveCfg = Release|x64
		{85D006CD-D448-447F-8FB0-F5EA0218DED1}.EmuRelease|x64.Build.0 = Release|x64
		{85D006CD-D448-447F-8FB0-F5EA0218DED1}.Release|ARM64.ActiveCfg = Release|Win32
		{85D006CD-D448-447F-8FB0-F5EA0218DED1}.Release|Win32.ActiveCfg = Release|Win32
		{85D006CD-D448-447F-8FB0-F5EA0218DED1}.Release|Win32.Build.0 = Release|Win32
		{85D006CD-D448-447F-8FB0-F5EA0218DED1}.Release|x64.ActiveCfg = Release|x64
		{85D006CD-D448-447F-8FB0-F5EA0218DED1}.Release|x64.Build.0 = Release|x64
		{9DE5C51A-F8EA-4B08-A101-336057C49371}.Debug|ARM64.ActiveCfg = Debug|Win32
		{9DE5C51A-F8EA-4B08-A101-336057C49371}.Debug|Win32.ActiveCfg = Debug|Win32
		{9DE5C51A-F8EA-4B08-A101-336057C49371}.Debug|Win32.Build.0 = Debug|Win32
		{9DE5C51A-F8EA-4B08-A101-336057C49371}.Debug|x64.ActiveCfg = Debug|x64
		{9DE5C51A-F8EA-4B08-A101-336057C49371}.Debug|x64.Build.0 = Debug|x64
		{9DE5C51A-F8EA-4B08-A101-336057C49371}.DebugXP|ARM64.ActiveCfg = Release|Win32
		{9DE5C51A-F8EA-4B08-A101-336057C49371}.DebugXP|ARM64.Build.0 = Release|Win32
		{9DE5C51A-F8EA-4B08-A101-336057C49371}.DebugXP|Win32.ActiveCfg = Debug|Win32
		{9DE5C51A-F8EA-4B08-A101-336057C49371}.DebugXP|Win32.Build.0 = Debug|Win32
		{9DE5C51A-F8EA-4B08-A101-336057C49371}.DebugXP|x64.ActiveCfg = Debug|x64
		{9DE5C51A-F8EA-4B08-A101-336057C49371}.DebugXP|x64.Build.0 = Debug|x64
		{9DE5C51A-F8EA-4B08-A101-336057C49371}.EmuDebug|ARM64.ActiveCfg = Release|Win32
		{9DE5C51A-F8EA-4B08-A101-336057C49371}.EmuDebug|ARM64.Build.0 = Release|Win32
		{9DE5C51A-F8EA-4B08-A101-336057C49371}.EmuDebug|Win32.ActiveCfg = Debug|Win32
		{9DE5C51A-F8EA-4B08-A101-336057C49371}.EmuDebug|Win32.Build.0 = Debug|Win32
		{9DE5C51A-F8EA-4B08-A101-336057C49371}.EmuDebug|x64.ActiveCfg = Debug|x64
		{9DE5C51A-F8EA-4B08-A101-336057C49371}.EmuDebug|x64.Build.0 = Debug|x64
		{9DE5C51A-F8EA-4B08-A101-336057C49371}.EmuRelease|ARM64.ActiveCfg = Release|Win32
		{9DE5C51A-F8EA-4B08-A101-336057C49371}.EmuRelease|ARM64.Build.0 = Release|Win32
		{9DE5C51A-F8EA-4B08-A101-336057C49371}.EmuRelease|Win32.ActiveCfg = Release|Win32
		{9DE5C51A-F8EA-4B08-A101-336057C49371}.EmuRelease|Win32.Build.0 = Release|Win32
		{9DE5C51A-F8EA-4B08-A101-336057C49371}.EmuRelease|x64.ActiveCfg = Release|x64
		{9DE5C51A-F8EA-4B08-A101-336057C49371}.EmuRelease|x64.Build.0 = Release|x64
		{9DE5C51A-F8EA-4B08-A101-336057C49371}.Release|ARM64.ActiveCfg = Release|Win32
		{9DE5C51A-F8EA-4B08-A101-336057C49371}.Release|Win32.ActiveCfg = Release|Win32
		{9DE5C51A-F8EA-4B08-A101-336057C49371}.Release|Win32.Build.0 = Release|Win32
		{9DE5C51A-F8EA-4B08-A101-336057C49371}.Release|x64.ActiveCfg = Release|x64
		{9DE5C51A-F8EA-4B08-A101-336057C49371}.Release|x64.Build.0 = Release|x64
		{122ABF65-D635-4953-804B-4AC0EDE843EA}.Debug|ARM64.ActiveCfg = Debug|ARM64
		{122ABF65-D635-4953-804B-4AC0EDE843EA}.Debug|ARM64.Build.0 = Debug|ARM64
		{122ABF65-D635-4953-804B-4AC0EDE843EA}.Debug|Win32.ActiveCfg = Debug|x64
		{122ABF65-D635-4953-804B-4AC0EDE843EA}.Debug|x64.ActiveCfg = Debug|x64
		{122ABF65-D635-4953-804B-4AC0EDE843EA}.Debug|x64.Build.0 = Debug|x64
		{122ABF65-D635-4953-804B-4AC0EDE843EA}.DebugXP|ARM64.ActiveCfg = Debug|ARM64
		{122ABF65-D635-4953-804B-4AC0EDE843EA}.DebugXP|ARM64.Build.0 = Debug|ARM64
		{122ABF65-D635-4953-804B-4AC0EDE843EA}.DebugXP|Win32.ActiveCfg = Debug|x64
		{122ABF65-D635-4953-804B-4AC0EDE843EA}.DebugXP|Win32.Build.0 = Debug|x64
		{122ABF65-D635-4953-804B-4AC0EDE843EA}.DebugXP|x64.ActiveCfg = Debug|x64
		{122ABF65-D635-4953-804B-4AC0EDE843EA}.DebugXP|x64.Build.0 = Debug|x64
		{122ABF65-D635-4953-804B-4AC0EDE843EA}.EmuDebug|ARM64.ActiveCfg = Debug|ARM64
		{122ABF65-D635-4953-804B-4AC0EDE843EA}.EmuDebug|ARM64.Build.0 = Debug|ARM64
		{122ABF65-D635-4953-804B-4AC0EDE843EA}.EmuDebug|Win32.ActiveCfg = Debug|x64
		{122ABF65-D635-4953-804B-4AC0EDE843EA}.EmuDebug|Win32.Build.0 = Debug|x64
		{122ABF65-D635-4953-804B-4AC0EDE843EA}.EmuDebug|x64.ActiveCfg = Debug|x64
		{122ABF65-D635-4953-804B-4AC0EDE843EA}.EmuDebug|x64.Build.0 = Debug|x64
		{122ABF65-D635-4953-804B-4AC0EDE843EA}.EmuRelease|ARM64.ActiveCfg = Release|ARM64
		{122ABF65-D635-4953-804B-4AC0EDE843EA}.EmuRelease|ARM64.Build.0 = Release|ARM64
		{122ABF65-D635-4953-804B-4AC0EDE843EA}.EmuRelease|Win32.ActiveCfg = Debug|x64
		{122ABF65-D635-4953-804B-4AC0EDE843EA}.EmuRelease|Win32.Build.0 = Debug|x64
		{122ABF65-D635-4953-804B-4AC0EDE843EA}.EmuRelease|x64.ActiveCfg = Release|x64
		{122ABF65-D635-4953-804B-4AC0EDE843EA}.EmuRelease|x64.Build.0 = Release|x64
		{122ABF65-D635-4953-804B-4AC0EDE843EA}.Release|ARM64.ActiveCfg = Release|ARM64
		{122ABF65-D635-4953-804B-4AC0EDE843EA}.Release|ARM64.Build.0 = Release|ARM64
		{122ABF65-D635-4953-804B-4AC0EDE843EA}.Release|Win32.ActiveCfg = Release|x64
		{122ABF65-D635-4953-804B-4AC0EDE843EA}.Release|x64.ActiveCfg = Release|x64
		{122ABF65-D635-4953-804B-4AC0EDE843EA}.Release|x64.Build.0 = Release|x64
	EndGlobalSection
	GlobalSection(SolutionProperties) = preSolution
		HideSolutionNode = FALSE
	EndGlobalSection
	GlobalSection(ExtensibilityGlobals) = postSolution
		SolutionGuid = {97C5DEB1-191D-4D7A-86B8-AD78E49FD28C}
	EndGlobalSection
EndGlobal
